// !$*UTF8*$!
{
	archiveVersion = 1;
	classes = {
	};
	objectVersion = 48;
	objects = {

/* Begin PBXBuildFile section */
		CC15DE7221838CF90067681C /* Human-PfSI.cpp in Sources */ = {isa = PBXBuildFile; fileRef = CC15DE7021838CF90067681C /* Human-PfSI.cpp */; };
		CC6513B42182604C00F78EF5 /* Event.cpp in Sources */ = {isa = PBXBuildFile; fileRef = CC6513B22182604C00F78EF5 /* Event.cpp */; };
		CC982A5021821B2D00A3CFE4 /* main.cpp in Sources */ = {isa = PBXBuildFile; fileRef = CC982A4F21821B2D00A3CFE4 /* main.cpp */; };
		CC982A5821821C5A00A3CFE4 /* Human.cpp in Sources */ = {isa = PBXBuildFile; fileRef = CC982A5621821C5A00A3CFE4 /* Human.cpp */; };
/* End PBXBuildFile section */

/* Begin PBXCopyFilesBuildPhase section */
		CC982A4A21821B2D00A3CFE4 /* CopyFiles */ = {
			isa = PBXCopyFilesBuildPhase;
			buildActionMask = 2147483647;
			dstPath = /usr/share/man/man1/;
			dstSubfolderSpec = 0;
			files = (
			);
			runOnlyForDeploymentPostprocessing = 1;
		};
/* End PBXCopyFilesBuildPhase section */

/* Begin PBXFileReference section */
		CC15DE7021838CF90067681C /* Human-PfSI.cpp */ = {isa = PBXFileReference; lastKnownFileType = sourcecode.cpp.cpp; path = "Human-PfSI.cpp"; sourceTree = "<group>"; };
		CC15DE7121838CF90067681C /* Human-PfSI.hpp */ = {isa = PBXFileReference; lastKnownFileType = sourcecode.cpp.h; path = "Human-PfSI.hpp"; sourceTree = "<group>"; };
		CC6513B22182604C00F78EF5 /* Event.cpp */ = {isa = PBXFileReference; lastKnownFileType = sourcecode.cpp.cpp; path = Event.cpp; sourceTree = "<group>"; };
		CC6513B32182604C00F78EF5 /* Event.hpp */ = {isa = PBXFileReference; lastKnownFileType = sourcecode.cpp.h; path = Event.hpp; sourceTree = "<group>"; };
		CC982A4C21821B2D00A3CFE4 /* MACRO-testing */ = {isa = PBXFileReference; explicitFileType = "compiled.mach-o.executable"; includeInIndex = 0; path = "MACRO-testing"; sourceTree = BUILT_PRODUCTS_DIR; };
		CC982A4F21821B2D00A3CFE4 /* main.cpp */ = {isa = PBXFileReference; lastKnownFileType = sourcecode.cpp.cpp; path = main.cpp; sourceTree = "<group>"; };
		CC982A5621821C5A00A3CFE4 /* Human.cpp */ = {isa = PBXFileReference; lastKnownFileType = sourcecode.cpp.cpp; path = Human.cpp; sourceTree = "<group>"; };
		CC982A5721821C5A00A3CFE4 /* Human.hpp */ = {isa = PBXFileReference; lastKnownFileType = sourcecode.cpp.h; path = Human.hpp; sourceTree = "<group>"; };
/* End PBXFileReference section */

/* Begin PBXFrameworksBuildPhase section */
		CC982A4921821B2D00A3CFE4 /* Frameworks */ = {
			isa = PBXFrameworksBuildPhase;
			buildActionMask = 2147483647;
			files = (
			);
			runOnlyForDeploymentPostprocessing = 0;
		};
/* End PBXFrameworksBuildPhase section */

/* Begin PBXGroup section */
		CC982A4321821B2D00A3CFE4 = {
			isa = PBXGroup;
			children = (
				CC982A4E21821B2D00A3CFE4 /* MACRO-testing */,
				CC982A4D21821B2D00A3CFE4 /* Products */,
			);
			sourceTree = "<group>";
		};
		CC982A4D21821B2D00A3CFE4 /* Products */ = {
			isa = PBXGroup;
			children = (
				CC982A4C21821B2D00A3CFE4 /* MACRO-testing */,
			);
			name = Products;
			sourceTree = "<group>";
		};
		CC982A4E21821B2D00A3CFE4 /* MACRO-testing */ = {
			isa = PBXGroup;
			children = (
				CC982A4F21821B2D00A3CFE4 /* main.cpp */,
				CC6513B22182604C00F78EF5 /* Event.cpp */,
				CC6513B32182604C00F78EF5 /* Event.hpp */,
				CC982A5621821C5A00A3CFE4 /* Human.cpp */,
				CC982A5721821C5A00A3CFE4 /* Human.hpp */,
				CC15DE7021838CF90067681C /* Human-PfSI.cpp */,
				CC15DE7121838CF90067681C /* Human-PfSI.hpp */,
			);
			path = "MACRO-testing";
			sourceTree = "<group>";
		};
/* End PBXGroup section */

/* Begin PBXNativeTarget section */
		CC982A4B21821B2D00A3CFE4 /* MACRO-testing */ = {
			isa = PBXNativeTarget;
			buildConfigurationList = CC982A5321821B2D00A3CFE4 /* Build configuration list for PBXNativeTarget "MACRO-testing" */;
			buildPhases = (
				CC982A4821821B2D00A3CFE4 /* Sources */,
				CC982A4921821B2D00A3CFE4 /* Frameworks */,
				CC982A4A21821B2D00A3CFE4 /* CopyFiles */,
			);
			buildRules = (
			);
			dependencies = (
			);
			name = "MACRO-testing";
			productName = "MACRO-testing";
			productReference = CC982A4C21821B2D00A3CFE4 /* MACRO-testing */;
			productType = "com.apple.product-type.tool";
		};
/* End PBXNativeTarget section */

/* Begin PBXProject section */
		CC982A4421821B2D00A3CFE4 /* Project object */ = {
			isa = PBXProject;
			attributes = {
				LastUpgradeCheck = 0920;
				ORGANIZATIONNAME = "Sean Wu";
				TargetAttributes = {
					CC982A4B21821B2D00A3CFE4 = {
						CreatedOnToolsVersion = 9.2;
						ProvisioningStyle = Automatic;
					};
				};
			};
			buildConfigurationList = CC982A4721821B2D00A3CFE4 /* Build configuration list for PBXProject "MACRO-testing" */;
			compatibilityVersion = "Xcode 8.0";
			developmentRegion = en;
			hasScannedForEncodings = 0;
			knownRegions = (
				en,
			);
			mainGroup = CC982A4321821B2D00A3CFE4;
			productRefGroup = CC982A4D21821B2D00A3CFE4 /* Products */;
			projectDirPath = "";
			projectRoot = "";
			targets = (
				CC982A4B21821B2D00A3CFE4 /* MACRO-testing */,
			);
		};
/* End PBXProject section */

/* Begin PBXSourcesBuildPhase section */
		CC982A4821821B2D00A3CFE4 /* Sources */ = {
			isa = PBXSourcesBuildPhase;
			buildActionMask = 2147483647;
			files = (
				CC6513B42182604C00F78EF5 /* Event.cpp in Sources */,
				CC982A5021821B2D00A3CFE4 /* main.cpp in Sources */,
				CC982A5821821C5A00A3CFE4 /* Human.cpp in Sources */,
				CC15DE7221838CF90067681C /* Human-PfSI.cpp in Sources */,
			);
			runOnlyForDeploymentPostprocessing = 0;
		};
/* End PBXSourcesBuildPhase section */

/* Begin XCBuildConfiguration section */
		CC982A5121821B2D00A3CFE4 /* Debug */ = {
			isa = XCBuildConfiguration;
			buildSettings = {
				ALWAYS_SEARCH_USER_PATHS = NO;
				CLANG_ANALYZER_NONNULL = YES;
				CLANG_ANALYZER_NUMBER_OBJECT_CONVERSION = YES_AGGRESSIVE;
				CLANG_CXX_LANGUAGE_STANDARD = "gnu++14";
				CLANG_CXX_LIBRARY = "libc++";
				CLANG_ENABLE_MODULES = YES;
				CLANG_ENABLE_OBJC_ARC = YES;
				CLANG_WARN_BLOCK_CAPTURE_AUTORELEASING = YES;
				CLANG_WARN_BOOL_CONVERSION = YES;
				CLANG_WARN_COMMA = YES;
				CLANG_WARN_CONSTANT_CONVERSION = YES;
				CLANG_WARN_DIRECT_OBJC_ISA_USAGE = YES_ERROR;
				CLANG_WARN_DOCUMENTATION_COMMENTS = YES;
				CLANG_WARN_EMPTY_BODY = YES;
				CLANG_WARN_ENUM_CONVERSION = YES;
				CLANG_WARN_INFINITE_RECURSION = YES;
				CLANG_WARN_INT_CONVERSION = YES;
				CLANG_WARN_NON_LITERAL_NULL_CONVERSION = YES;
				CLANG_WARN_OBJC_LITERAL_CONVERSION = YES;
				CLANG_WARN_OBJC_ROOT_CLASS = YES_ERROR;
				CLANG_WARN_RANGE_LOOP_ANALYSIS = YES;
				CLANG_WARN_STRICT_PROTOTYPES = YES;
				CLANG_WARN_SUSPICIOUS_MOVE = YES;
				CLANG_WARN_UNGUARDED_AVAILABILITY = YES_AGGRESSIVE;
				CLANG_WARN_UNREACHABLE_CODE = YES;
				CLANG_WARN__DUPLICATE_METHOD_MATCH = YES;
				CODE_SIGN_IDENTITY = "-";
				COPY_PHASE_STRIP = NO;
				DEBUG_INFORMATION_FORMAT = dwarf;
				ENABLE_STRICT_OBJC_MSGSEND = YES;
				ENABLE_TESTABILITY = YES;
				GCC_C_LANGUAGE_STANDARD = gnu11;
				GCC_DYNAMIC_NO_PIC = NO;
				GCC_NO_COMMON_BLOCKS = YES;
				GCC_OPTIMIZATION_LEVEL = 0;
				GCC_PREPROCESSOR_DEFINITIONS = (
					"DEBUG=1",
					"$(inherited)",
				);
				GCC_WARN_64_TO_32_BIT_CONVERSION = YES;
				GCC_WARN_ABOUT_RETURN_TYPE = YES_ERROR;
				GCC_WARN_UNDECLARED_SELECTOR = YES;
				GCC_WARN_UNINITIALIZED_AUTOS = YES_AGGRESSIVE;
				GCC_WARN_UNUSED_FUNCTION = YES;
				GCC_WARN_UNUSED_VARIABLE = YES;
				MACOSX_DEPLOYMENT_TARGET = 10.12;
				MTL_ENABLE_DEBUG_INFO = YES;
				ONLY_ACTIVE_ARCH = YES;
				SDKROOT = macosx;
			};
			name = Debug;
		};
		CC982A5221821B2D00A3CFE4 /* Release */ = {
			isa = XCBuildConfiguration;
			buildSettings = {
				ALWAYS_SEARCH_USER_PATHS = NO;
				CLANG_ANALYZER_NONNULL = YES;
				CLANG_ANALYZER_NUMBER_OBJECT_CONVERSION = YES_AGGRESSIVE;
				CLANG_CXX_LANGUAGE_STANDARD = "gnu++14";
				CLANG_CXX_LIBRARY = "libc++";
				CLANG_ENABLE_MODULES = YES;
				CLANG_ENABLE_OBJC_ARC = YES;
				CLANG_WARN_BLOCK_CAPTURE_AUTORELEASING = YES;
				CLANG_WARN_BOOL_CONVERSION = YES;
				CLANG_WARN_COMMA = YES;
				CLANG_WARN_CONSTANT_CONVERSION = YES;
				CLANG_WARN_DIRECT_OBJC_ISA_USAGE = YES_ERROR;
				CLANG_WARN_DOCUMENTATION_COMMENTS = YES;
				CLANG_WARN_EMPTY_BODY = YES;
				CLANG_WARN_ENUM_CONVERSION = YES;
				CLANG_WARN_INFINITE_RECURSION = YES;
				CLANG_WARN_INT_CONVERSION = YES;
				CLANG_WARN_NON_LITERAL_NULL_CONVERSION = YES;
				CLANG_WARN_OBJC_LITERAL_CONVERSION = YES;
				CLANG_WARN_OBJC_ROOT_CLASS = YES_ERROR;
				CLANG_WARN_RANGE_LOOP_ANALYSIS = YES;
				CLANG_WARN_STRICT_PROTOTYPES = YES;
				CLANG_WARN_SUSPICIOUS_MOVE = YES;
				CLANG_WARN_UNGUARDED_AVAILABILITY = YES_AGGRESSIVE;
				CLANG_WARN_UNREACHABLE_CODE = YES;
				CLANG_WARN__DUPLICATE_METHOD_MATCH = YES;
				CODE_SIGN_IDENTITY = "-";
				COPY_PHASE_STRIP = NO;
				DEBUG_INFORMATION_FORMAT = "dwarf-with-dsym";
				ENABLE_NS_ASSERTIONS = NO;
				ENABLE_STRICT_OBJC_MSGSEND = YES;
				GCC_C_LANGUAGE_STANDARD = gnu11;
				GCC_NO_COMMON_BLOCKS = YES;
				GCC_WARN_64_TO_32_BIT_CONVERSION = YES;
				GCC_WARN_ABOUT_RETURN_TYPE = YES_ERROR;
				GCC_WARN_UNDECLARED_SELECTOR = YES;
				GCC_WARN_UNINITIALIZED_AUTOS = YES_AGGRESSIVE;
				GCC_WARN_UNUSED_FUNCTION = YES;
				GCC_WARN_UNUSED_VARIABLE = YES;
				MACOSX_DEPLOYMENT_TARGET = 10.12;
				MTL_ENABLE_DEBUG_INFO = NO;
				SDKROOT = macosx;
			};
			name = Release;
		};
		CC982A5421821B2D00A3CFE4 /* Debug */ = {
			isa = XCBuildConfiguration;
			buildSettings = {
				CODE_SIGN_STYLE = Automatic;
				PRODUCT_NAME = "$(TARGET_NAME)";
			};
			name = Debug;
		};
		CC982A5521821B2D00A3CFE4 /* Release */ = {
			isa = XCBuildConfiguration;
			buildSettings = {
				CODE_SIGN_STYLE = Automatic;
				PRODUCT_NAME = "$(TARGET_NAME)";
			};
			name = Release;
		};
/* End XCBuildConfiguration section */

/* Begin XCConfigurationList section */
		CC982A4721821B2D00A3CFE4 /* Build configuration list for PBXProject "MACRO-testing" */ = {
			isa = XCConfigurationList;
			buildConfigurations = (
				CC982A5121821B2D00A3CFE4 /* Debug */,
				CC982A5221821B2D00A3CFE4 /* Release */,
			);
			defaultConfigurationIsVisible = 0;
			defaultConfigurationName = Release;
		};
		CC982A5321821B2D00A3CFE4 /* Build configuration list for PBXNativeTarget "MACRO-testing" */ = {
			isa = XCConfigurationList;
			buildConfigurations = (
				CC982A5421821B2D00A3CFE4 /* Debug */,
				CC982A5521821B2D00A3CFE4 /* Release */,
			);
			defaultConfigurationIsVisible = 0;
			defaultConfigurationName = Release;
		};
/* End XCConfigurationList section */
	};
	rootObject = CC982A4421821B2D00A3CFE4 /* Project object */;
}
