// !$*UTF8*$!
{
	archiveVersion = 1;
	classes = {
	};
	objectVersion = 46;
	objects = {

/* Begin PBXBuildFile section */
		BE11B7881E15E44A0045B3EE /* StatisticalConstants.cpp in Sources */ = {isa = PBXBuildFile; fileRef = BE11B7861E15E44A0045B3EE /* StatisticalConstants.cpp */; };
		BE13172D1E243DE400D92451 /* MosquitoPopulation.cpp in Sources */ = {isa = PBXBuildFile; fileRef = BE13172B1E243DE400D92451 /* MosquitoPopulation.cpp */; };
		BE1454A21E2FDF90009EDCFC /* AedesAegyptiFemale.cpp in Sources */ = {isa = PBXBuildFile; fileRef = BE1454A01E2FDF90009EDCFC /* AedesAegyptiFemale.cpp */; };
		BE1454A51E2FDFA4009EDCFC /* AedesAegyptiMale.cpp in Sources */ = {isa = PBXBuildFile; fileRef = BE1454A31E2FDFA4009EDCFC /* AedesAegyptiMale.cpp */; };
		BE1454B61E2FF06A009EDCFC /* BloodFeed.cpp in Sources */ = {isa = PBXBuildFile; fileRef = BE1454A61E2FF06A009EDCFC /* BloodFeed.cpp */; };
		BE1454B71E2FF06A009EDCFC /* Estivate.cpp in Sources */ = {isa = PBXBuildFile; fileRef = BE1454A81E2FF06A009EDCFC /* Estivate.cpp */; };
		BE1454B81E2FF06A009EDCFC /* Flight.cpp in Sources */ = {isa = PBXBuildFile; fileRef = BE1454AA1E2FF06A009EDCFC /* Flight.cpp */; };
		BE1454B91E2FF06A009EDCFC /* History.cpp in Sources */ = {isa = PBXBuildFile; fileRef = BE1454AC1E2FF06A009EDCFC /* History.cpp */; };
		BE1454BA1E2FF06A009EDCFC /* Mate.cpp in Sources */ = {isa = PBXBuildFile; fileRef = BE1454AE1E2FF06A009EDCFC /* Mate.cpp */; };
		BE1454BB1E2FF06A009EDCFC /* SugarFeed.cpp in Sources */ = {isa = PBXBuildFile; fileRef = BE1454B01E2FF06A009EDCFC /* SugarFeed.cpp */; };
		BE1454BC1E2FF06A009EDCFC /* Swarm.cpp in Sources */ = {isa = PBXBuildFile; fileRef = BE1454B21E2FF06A009EDCFC /* Swarm.cpp */; };
		BE1454BD1E2FF06A009EDCFC /* Time.cpp in Sources */ = {isa = PBXBuildFile; fileRef = BE1454B41E2FF06A009EDCFC /* Time.cpp */; };
		BE1454C01E2FFA84009EDCFC /* Senesce.cpp in Sources */ = {isa = PBXBuildFile; fileRef = BE1454BE1E2FFA84009EDCFC /* Senesce.cpp */; };
		BE15B3661DFB54F000CE7C74 /* MovementKernel.cpp in Sources */ = {isa = PBXBuildFile; fileRef = BE15B3641DFB54F000CE7C74 /* MovementKernel.cpp */; };
		BE15B36A1DFB5D9900CE7C74 /* Human.cpp in Sources */ = {isa = PBXBuildFile; fileRef = BE15B3681DFB5D9900CE7C74 /* Human.cpp */; };
		BE15B36D1DFB5E7700CE7C74 /* Cattle.cpp in Sources */ = {isa = PBXBuildFile; fileRef = BE15B36B1DFB5E7700CE7C74 /* Cattle.cpp */; };
		BE15B3701DFB641800CE7C74 /* Pathogen.cpp in Sources */ = {isa = PBXBuildFile; fileRef = BE15B36E1DFB641800CE7C74 /* Pathogen.cpp */; };
		BE15B3731DFB645B00CE7C74 /* PlasmodiumFalciparum.cpp in Sources */ = {isa = PBXBuildFile; fileRef = BE15B3711DFB645B00CE7C74 /* PlasmodiumFalciparum.cpp */; };
		BE15B3781DFB64C500CE7C74 /* PlasmodiumVivax.cpp in Sources */ = {isa = PBXBuildFile; fileRef = BE15B3761DFB64C500CE7C74 /* PlasmodiumVivax.cpp */; };
		BE15B37E1DFB6BCD00CE7C74 /* DENV.cpp in Sources */ = {isa = PBXBuildFile; fileRef = BE15B37C1DFB6BCD00CE7C74 /* DENV.cpp */; };
		BE15B3811DFB6BEC00CE7C74 /* CHIKV.cpp in Sources */ = {isa = PBXBuildFile; fileRef = BE15B37F1DFB6BEC00CE7C74 /* CHIKV.cpp */; };
		BE15B3841DFB6C6B00CE7C74 /* ZIKV.cpp in Sources */ = {isa = PBXBuildFile; fileRef = BE15B3821DFB6C6B00CE7C74 /* ZIKV.cpp */; };
		BE2A85391DDE4EDE00EB2CDC /* AuxiliaryFunctions.cpp in Sources */ = {isa = PBXBuildFile; fileRef = BE2A85371DDE4EDE00EB2CDC /* AuxiliaryFunctions.cpp */; };
		BE313ECE1E04698500120E25 /* AreaRepellant.cpp in Sources */ = {isa = PBXBuildFile; fileRef = BE313ECC1E04698500120E25 /* AreaRepellant.cpp */; };
		BE313ED11E0469B400120E25 /* AreaSpray.cpp in Sources */ = {isa = PBXBuildFile; fileRef = BE313ECF1E0469B400120E25 /* AreaSpray.cpp */; };
		BE313ED41E0469D200120E25 /* ATSB.cpp in Sources */ = {isa = PBXBuildFile; fileRef = BE313ED21E0469D200120E25 /* ATSB.cpp */; };
		BE313ED71E0469EA00120E25 /* BaitedTrap.cpp in Sources */ = {isa = PBXBuildFile; fileRef = BE313ED51E0469EA00120E25 /* BaitedTrap.cpp */; };
		BE313EDA1E046A0000120E25 /* BiologicalControl.cpp in Sources */ = {isa = PBXBuildFile; fileRef = BE313ED81E046A0000120E25 /* BiologicalControl.cpp */; };
		BE313EDD1E046A1400120E25 /* EaveTube.cpp in Sources */ = {isa = PBXBuildFile; fileRef = BE313EDB1E046A1400120E25 /* EaveTube.cpp */; };
		BE313EE01E046A2600120E25 /* GM.cpp in Sources */ = {isa = PBXBuildFile; fileRef = BE313EDE1E046A2600120E25 /* GM.cpp */; };
		BE313EE31E046AA600120E25 /* IRS.cpp in Sources */ = {isa = PBXBuildFile; fileRef = BE313EE11E046AA600120E25 /* IRS.cpp */; };
		BE313EE61E046AB900120E25 /* ITN.cpp in Sources */ = {isa = PBXBuildFile; fileRef = BE313EE41E046AB900120E25 /* ITN.cpp */; };
		BE313EE91E046ACF00120E25 /* Ivermectin.cpp in Sources */ = {isa = PBXBuildFile; fileRef = BE313EE71E046ACF00120E25 /* Ivermectin.cpp */; };
		BE313EEC1E046AE700120E25 /* Larviciding.cpp in Sources */ = {isa = PBXBuildFile; fileRef = BE313EEA1E046AE700120E25 /* Larviciding.cpp */; };
		BE313EEF1E046B1200120E25 /* Ovitrap.cpp in Sources */ = {isa = PBXBuildFile; fileRef = BE313EED1E046B1200120E25 /* Ovitrap.cpp */; };
		BE313EF21E046B2F00120E25 /* PersonalProtection.cpp in Sources */ = {isa = PBXBuildFile; fileRef = BE313EF01E046B2F00120E25 /* PersonalProtection.cpp */; };
		BE313EF51E046B4800120E25 /* PersonalRepellant.cpp in Sources */ = {isa = PBXBuildFile; fileRef = BE313EF31E046B4800120E25 /* PersonalRepellant.cpp */; };
		BE313EF81E046B8300120E25 /* SourceReduction.cpp in Sources */ = {isa = PBXBuildFile; fileRef = BE313EF61E046B8300120E25 /* SourceReduction.cpp */; };
		BE313EFB1E046B9C00120E25 /* SwarmSpray.cpp in Sources */ = {isa = PBXBuildFile; fileRef = BE313EF91E046B9C00120E25 /* SwarmSpray.cpp */; };
		BE313EFE1E046BB700120E25 /* Zoospray.cpp in Sources */ = {isa = PBXBuildFile; fileRef = BE313EFC1E046BB700120E25 /* Zoospray.cpp */; };
		BE3D9BE51DDD4D4100E470A6 /* main.cpp in Sources */ = {isa = PBXBuildFile; fileRef = BE3D9BE41DDD4D4100E470A6 /* main.cpp */; };
		BE3D9C1C1DDD4D6100E470A6 /* Mosquito.cpp in Sources */ = {isa = PBXBuildFile; fileRef = BE3D9BEF1DDD4D6100E470A6 /* Mosquito.cpp */; };
		BE3D9C1F1DDD4D6100E470A6 /* Site.cpp in Sources */ = {isa = PBXBuildFile; fileRef = BE3D9BF91DDD4D6100E470A6 /* Site.cpp */; };
		BE3D9C201DDD4D6100E470A6 /* SiteFeeding.cpp in Sources */ = {isa = PBXBuildFile; fileRef = BE3D9BFC1DDD4D6100E470A6 /* SiteFeeding.cpp */; };
		BE3D9C211DDD4D6100E470A6 /* SiteLaying.cpp in Sources */ = {isa = PBXBuildFile; fileRef = BE3D9BFF1DDD4D6100E470A6 /* SiteLaying.cpp */; };
		BE3D9C221DDD4D6100E470A6 /* SiteMating.cpp in Sources */ = {isa = PBXBuildFile; fileRef = BE3D9C021DDD4D6100E470A6 /* SiteMating.cpp */; };
		BE3D9C231DDD4D6100E470A6 /* SiteSugar.cpp in Sources */ = {isa = PBXBuildFile; fileRef = BE3D9C051DDD4D6100E470A6 /* SiteSugar.cpp */; };
		BE3D9C241DDD4D6100E470A6 /* VectorControl.cpp in Sources */ = {isa = PBXBuildFile; fileRef = BE3D9C191DDD4D6100E470A6 /* VectorControl.cpp */; };
		BE40ABE51E43D30E00808031 /* PathogenPopulation.cpp in Sources */ = {isa = PBXBuildFile; fileRef = BE40ABE31E43D30E00808031 /* PathogenPopulation.cpp */; };
		BE40ABE81E43D34900808031 /* HumanPopulation.cpp in Sources */ = {isa = PBXBuildFile; fileRef = BE40ABE61E43D34900808031 /* HumanPopulation.cpp */; };
		BE5184D81E3652C1003C599F /* BetaDistribution.cpp in Sources */ = {isa = PBXBuildFile; fileRef = BE5184D61E3652C1003C599F /* BetaDistribution.cpp */; };
		BE5184DB1E3652D2003C599F /* ExponentialDistribution.cpp in Sources */ = {isa = PBXBuildFile; fileRef = BE5184D91E3652D2003C599F /* ExponentialDistribution.cpp */; };
		BE87A27E1E045DD200043BFE /* DataExport.cpp in Sources */ = {isa = PBXBuildFile; fileRef = BE87A27C1E045DD200043BFE /* DataExport.cpp */; };
		BE87A2821E045F2600043BFE /* DataImport.cpp in Sources */ = {isa = PBXBuildFile; fileRef = BE87A2801E045F2600043BFE /* DataImport.cpp */; };
		BE8B41231E271F4500BE6CA5 /* MosquitoAquatic.cpp in Sources */ = {isa = PBXBuildFile; fileRef = BE8B41211E271F4500BE6CA5 /* MosquitoAquatic.cpp */; };
		BE8B6B6A1E1F089E0094C326 /* Landscape.cpp in Sources */ = {isa = PBXBuildFile; fileRef = BE8B6B681E1F089E0094C326 /* Landscape.cpp */; };
		BE92F7BD1E313A670061F72A /* NormalDistribution.cpp in Sources */ = {isa = PBXBuildFile; fileRef = BE92F7BB1E313A670061F72A /* NormalDistribution.cpp */; };
		BEADF2531E2FBFC50043E2B4 /* AedesAegypti.cpp in Sources */ = {isa = PBXBuildFile; fileRef = BEADF2511E2FBFC50043E2B4 /* AedesAegypti.cpp */; };
		BEADF2561E2FBFDE0043E2B4 /* AnophelesGambiae.cpp in Sources */ = {isa = PBXBuildFile; fileRef = BEADF2541E2FBFDE0043E2B4 /* AnophelesGambiae.cpp */; };
		BEADF25B1E2FC1D20043E2B4 /* AnophelesGambiaeMale.cpp in Sources */ = {isa = PBXBuildFile; fileRef = BEADF2591E2FC1D20043E2B4 /* AnophelesGambiaeMale.cpp */; };
		BEADF25E1E2FC1EC0043E2B4 /* AnophelesGambiaeFemale.cpp in Sources */ = {isa = PBXBuildFile; fileRef = BEADF25C1E2FC1EC0043E2B4 /* AnophelesGambiaeFemale.cpp */; };
		BEADF26A1E2FD7300043E2B4 /* MosquitoGeneric.cpp in Sources */ = {isa = PBXBuildFile; fileRef = BEADF2681E2FD7300043E2B4 /* MosquitoGeneric.cpp */; };
		BEADF26F1E2FD8010043E2B4 /* MosquitoGenericFemale.cpp in Sources */ = {isa = PBXBuildFile; fileRef = BEADF26D1E2FD8010043E2B4 /* MosquitoGenericFemale.cpp */; };
		BEADF2721E2FD8440043E2B4 /* MosquitoGenericMale.cpp in Sources */ = {isa = PBXBuildFile; fileRef = BEADF2701E2FD8440043E2B4 /* MosquitoGenericMale.cpp */; };
		BEC6C4B81E148975009F3680 /* StatisticalFunctions.cpp in Sources */ = {isa = PBXBuildFile; fileRef = BEC6C4B61E148975009F3680 /* StatisticalFunctions.cpp */; };
		BEDE045F1DECDD2E008DE68B /* MosquitoLifeParameters.cpp in Sources */ = {isa = PBXBuildFile; fileRef = BEDE045D1DECDD2E008DE68B /* MosquitoLifeParameters.cpp */; };
		BEEDE6F11DDF60D000A3C2A5 /* UnitTest.cpp in Sources */ = {isa = PBXBuildFile; fileRef = BEEDE6EF1DDF60D000A3C2A5 /* UnitTest.cpp */; };
/* End PBXBuildFile section */

/* Begin PBXCopyFilesBuildPhase section */
		BE3D9BDF1DDD4D4100E470A6 /* CopyFiles */ = {
			isa = PBXCopyFilesBuildPhase;
			buildActionMask = 2147483647;
			dstPath = /usr/share/man/man1/;
			dstSubfolderSpec = 0;
			files = (
			);
			runOnlyForDeploymentPostprocessing = 1;
		};
/* End PBXCopyFilesBuildPhase section */

/* Begin PBXFileReference section */
		BE11B7861E15E44A0045B3EE /* StatisticalConstants.cpp */ = {isa = PBXFileReference; fileEncoding = 4; lastKnownFileType = sourcecode.cpp.cpp; path = StatisticalConstants.cpp; sourceTree = "<group>"; };
		BE11B7871E15E44A0045B3EE /* StatisticalConstants.hpp */ = {isa = PBXFileReference; fileEncoding = 4; lastKnownFileType = sourcecode.cpp.h; path = StatisticalConstants.hpp; sourceTree = "<group>"; };
		BE13172B1E243DE400D92451 /* MosquitoPopulation.cpp */ = {isa = PBXFileReference; fileEncoding = 4; lastKnownFileType = sourcecode.cpp.cpp; path = MosquitoPopulation.cpp; sourceTree = "<group>"; };
		BE13172C1E243DE400D92451 /* MosquitoPopulation.hpp */ = {isa = PBXFileReference; fileEncoding = 4; lastKnownFileType = sourcecode.cpp.h; path = MosquitoPopulation.hpp; sourceTree = "<group>"; };
		BE1454A01E2FDF90009EDCFC /* AedesAegyptiFemale.cpp */ = {isa = PBXFileReference; fileEncoding = 4; lastKnownFileType = sourcecode.cpp.cpp; name = AedesAegyptiFemale.cpp; path = AedesAegypti/AedesAegyptiFemale/AedesAegyptiFemale.cpp; sourceTree = "<group>"; };
		BE1454A11E2FDF90009EDCFC /* AedesAegyptiFemale.hpp */ = {isa = PBXFileReference; fileEncoding = 4; lastKnownFileType = sourcecode.cpp.h; name = AedesAegyptiFemale.hpp; path = AedesAegypti/AedesAegyptiFemale/AedesAegyptiFemale.hpp; sourceTree = "<group>"; };
		BE1454A31E2FDFA4009EDCFC /* AedesAegyptiMale.cpp */ = {isa = PBXFileReference; fileEncoding = 4; lastKnownFileType = sourcecode.cpp.cpp; name = AedesAegyptiMale.cpp; path = AedesAegypti/AedesAegyptiMale/AedesAegyptiMale.cpp; sourceTree = "<group>"; };
		BE1454A41E2FDFA4009EDCFC /* AedesAegyptiMale.hpp */ = {isa = PBXFileReference; fileEncoding = 4; lastKnownFileType = sourcecode.cpp.h; name = AedesAegyptiMale.hpp; path = AedesAegypti/AedesAegyptiMale/AedesAegyptiMale.hpp; sourceTree = "<group>"; };
		BE1454A61E2FF06A009EDCFC /* BloodFeed.cpp */ = {isa = PBXFileReference; fileEncoding = 4; lastKnownFileType = sourcecode.cpp.cpp; name = BloodFeed.cpp; path = MBITES/BloodFeed.cpp; sourceTree = "<group>"; };
		BE1454A71E2FF06A009EDCFC /* BloodFeed.hpp */ = {isa = PBXFileReference; fileEncoding = 4; lastKnownFileType = sourcecode.cpp.h; name = BloodFeed.hpp; path = MBITES/BloodFeed.hpp; sourceTree = "<group>"; };
		BE1454A81E2FF06A009EDCFC /* Estivate.cpp */ = {isa = PBXFileReference; fileEncoding = 4; lastKnownFileType = sourcecode.cpp.cpp; name = Estivate.cpp; path = MBITES/Estivate.cpp; sourceTree = "<group>"; };
		BE1454A91E2FF06A009EDCFC /* Estivate.hpp */ = {isa = PBXFileReference; fileEncoding = 4; lastKnownFileType = sourcecode.cpp.h; name = Estivate.hpp; path = MBITES/Estivate.hpp; sourceTree = "<group>"; };
		BE1454AA1E2FF06A009EDCFC /* Flight.cpp */ = {isa = PBXFileReference; fileEncoding = 4; lastKnownFileType = sourcecode.cpp.cpp; name = Flight.cpp; path = MBITES/Flight.cpp; sourceTree = "<group>"; };
		BE1454AB1E2FF06A009EDCFC /* Flight.hpp */ = {isa = PBXFileReference; fileEncoding = 4; lastKnownFileType = sourcecode.cpp.h; name = Flight.hpp; path = MBITES/Flight.hpp; sourceTree = "<group>"; };
		BE1454AC1E2FF06A009EDCFC /* History.cpp */ = {isa = PBXFileReference; fileEncoding = 4; lastKnownFileType = sourcecode.cpp.cpp; name = History.cpp; path = MBITES/History.cpp; sourceTree = "<group>"; };
		BE1454AD1E2FF06A009EDCFC /* History.hpp */ = {isa = PBXFileReference; fileEncoding = 4; lastKnownFileType = sourcecode.cpp.h; name = History.hpp; path = MBITES/History.hpp; sourceTree = "<group>"; };
		BE1454AE1E2FF06A009EDCFC /* Mate.cpp */ = {isa = PBXFileReference; fileEncoding = 4; lastKnownFileType = sourcecode.cpp.cpp; name = Mate.cpp; path = MBITES/Mate.cpp; sourceTree = "<group>"; };
		BE1454AF1E2FF06A009EDCFC /* Mate.hpp */ = {isa = PBXFileReference; fileEncoding = 4; lastKnownFileType = sourcecode.cpp.h; name = Mate.hpp; path = MBITES/Mate.hpp; sourceTree = "<group>"; };
		BE1454B01E2FF06A009EDCFC /* SugarFeed.cpp */ = {isa = PBXFileReference; fileEncoding = 4; lastKnownFileType = sourcecode.cpp.cpp; name = SugarFeed.cpp; path = MBITES/SugarFeed.cpp; sourceTree = "<group>"; };
		BE1454B11E2FF06A009EDCFC /* SugarFeed.hpp */ = {isa = PBXFileReference; fileEncoding = 4; lastKnownFileType = sourcecode.cpp.h; name = SugarFeed.hpp; path = MBITES/SugarFeed.hpp; sourceTree = "<group>"; };
		BE1454B21E2FF06A009EDCFC /* Swarm.cpp */ = {isa = PBXFileReference; fileEncoding = 4; lastKnownFileType = sourcecode.cpp.cpp; name = Swarm.cpp; path = MBITES/Swarm.cpp; sourceTree = "<group>"; };
		BE1454B31E2FF06A009EDCFC /* Swarm.hpp */ = {isa = PBXFileReference; fileEncoding = 4; lastKnownFileType = sourcecode.cpp.h; name = Swarm.hpp; path = MBITES/Swarm.hpp; sourceTree = "<group>"; };
		BE1454B41E2FF06A009EDCFC /* Time.cpp */ = {isa = PBXFileReference; fileEncoding = 4; lastKnownFileType = sourcecode.cpp.cpp; name = Time.cpp; path = MBITES/Time.cpp; sourceTree = "<group>"; };
		BE1454B51E2FF06A009EDCFC /* Time.hpp */ = {isa = PBXFileReference; fileEncoding = 4; lastKnownFileType = sourcecode.cpp.h; name = Time.hpp; path = MBITES/Time.hpp; sourceTree = "<group>"; };
		BE1454BE1E2FFA84009EDCFC /* Senesce.cpp */ = {isa = PBXFileReference; fileEncoding = 4; lastKnownFileType = sourcecode.cpp.cpp; name = Senesce.cpp; path = MBITES/Senesce.cpp; sourceTree = "<group>"; };
		BE1454BF1E2FFA84009EDCFC /* Senesce.hpp */ = {isa = PBXFileReference; fileEncoding = 4; lastKnownFileType = sourcecode.cpp.h; name = Senesce.hpp; path = MBITES/Senesce.hpp; sourceTree = "<group>"; };
		BE15B3641DFB54F000CE7C74 /* MovementKernel.cpp */ = {isa = PBXFileReference; fileEncoding = 4; lastKnownFileType = sourcecode.cpp.cpp; path = MovementKernel.cpp; sourceTree = "<group>"; };
		BE15B3651DFB54F000CE7C74 /* MovementKernel.hpp */ = {isa = PBXFileReference; fileEncoding = 4; lastKnownFileType = sourcecode.cpp.h; path = MovementKernel.hpp; sourceTree = "<group>"; };
		BE15B3681DFB5D9900CE7C74 /* Human.cpp */ = {isa = PBXFileReference; fileEncoding = 4; lastKnownFileType = sourcecode.cpp.cpp; path = Human.cpp; sourceTree = "<group>"; };
		BE15B3691DFB5D9900CE7C74 /* Human.hpp */ = {isa = PBXFileReference; fileEncoding = 4; lastKnownFileType = sourcecode.cpp.h; path = Human.hpp; sourceTree = "<group>"; };
		BE15B36B1DFB5E7700CE7C74 /* Cattle.cpp */ = {isa = PBXFileReference; fileEncoding = 4; lastKnownFileType = sourcecode.cpp.cpp; name = Cattle.cpp; path = Cattle/Cattle.cpp; sourceTree = "<group>"; };
		BE15B36C1DFB5E7700CE7C74 /* Cattle.hpp */ = {isa = PBXFileReference; fileEncoding = 4; lastKnownFileType = sourcecode.cpp.h; name = Cattle.hpp; path = Cattle/Cattle.hpp; sourceTree = "<group>"; };
		BE15B36E1DFB641800CE7C74 /* Pathogen.cpp */ = {isa = PBXFileReference; fileEncoding = 4; lastKnownFileType = sourcecode.cpp.cpp; path = Pathogen.cpp; sourceTree = "<group>"; };
		BE15B36F1DFB641800CE7C74 /* Pathogen.hpp */ = {isa = PBXFileReference; fileEncoding = 4; lastKnownFileType = sourcecode.cpp.h; path = Pathogen.hpp; sourceTree = "<group>"; };
		BE15B3711DFB645B00CE7C74 /* PlasmodiumFalciparum.cpp */ = {isa = PBXFileReference; fileEncoding = 4; lastKnownFileType = sourcecode.cpp.cpp; name = PlasmodiumFalciparum.cpp; path = Pathogen/PlasmodiumFalciparum/PlasmodiumFalciparum.cpp; sourceTree = "<group>"; };
		BE15B3721DFB645B00CE7C74 /* PlasmodiumFalciparum.hpp */ = {isa = PBXFileReference; fileEncoding = 4; lastKnownFileType = sourcecode.cpp.h; name = PlasmodiumFalciparum.hpp; path = Pathogen/PlasmodiumFalciparum/PlasmodiumFalciparum.hpp; sourceTree = "<group>"; };
		BE15B3761DFB64C500CE7C74 /* PlasmodiumVivax.cpp */ = {isa = PBXFileReference; fileEncoding = 4; lastKnownFileType = sourcecode.cpp.cpp; name = PlasmodiumVivax.cpp; path = PlasmodiumVivax/PlasmodiumVivax.cpp; sourceTree = "<group>"; };
		BE15B3771DFB64C500CE7C74 /* PlasmodiumVivax.hpp */ = {isa = PBXFileReference; fileEncoding = 4; lastKnownFileType = sourcecode.cpp.h; name = PlasmodiumVivax.hpp; path = PlasmodiumVivax/PlasmodiumVivax.hpp; sourceTree = "<group>"; };
		BE15B37C1DFB6BCD00CE7C74 /* DENV.cpp */ = {isa = PBXFileReference; fileEncoding = 4; lastKnownFileType = sourcecode.cpp.cpp; name = DENV.cpp; path = DENV/DENV.cpp; sourceTree = "<group>"; };
		BE15B37D1DFB6BCD00CE7C74 /* DENV.hpp */ = {isa = PBXFileReference; fileEncoding = 4; lastKnownFileType = sourcecode.cpp.h; name = DENV.hpp; path = DENV/DENV.hpp; sourceTree = "<group>"; };
		BE15B37F1DFB6BEC00CE7C74 /* CHIKV.cpp */ = {isa = PBXFileReference; fileEncoding = 4; lastKnownFileType = sourcecode.cpp.cpp; name = CHIKV.cpp; path = CHIKV/CHIKV.cpp; sourceTree = "<group>"; };
		BE15B3801DFB6BEC00CE7C74 /* CHIKV.hpp */ = {isa = PBXFileReference; fileEncoding = 4; lastKnownFileType = sourcecode.cpp.h; name = CHIKV.hpp; path = CHIKV/CHIKV.hpp; sourceTree = "<group>"; };
		BE15B3821DFB6C6B00CE7C74 /* ZIKV.cpp */ = {isa = PBXFileReference; fileEncoding = 4; lastKnownFileType = sourcecode.cpp.cpp; name = ZIKV.cpp; path = ZIKV/ZIKV.cpp; sourceTree = "<group>"; };
		BE15B3831DFB6C6B00CE7C74 /* ZIKV.hpp */ = {isa = PBXFileReference; fileEncoding = 4; lastKnownFileType = sourcecode.cpp.h; name = ZIKV.hpp; path = ZIKV/ZIKV.hpp; sourceTree = "<group>"; };
		BE2A85341DDE3B4500EB2CDC /* Imported.hpp */ = {isa = PBXFileReference; fileEncoding = 4; lastKnownFileType = sourcecode.cpp.h; path = Imported.hpp; sourceTree = "<group>"; };
		BE2A85371DDE4EDE00EB2CDC /* AuxiliaryFunctions.cpp */ = {isa = PBXFileReference; fileEncoding = 4; lastKnownFileType = sourcecode.cpp.cpp; path = AuxiliaryFunctions.cpp; sourceTree = "<group>"; };
		BE2A85381DDE4EDE00EB2CDC /* AuxiliaryFunctions.hpp */ = {isa = PBXFileReference; fileEncoding = 4; lastKnownFileType = sourcecode.cpp.h; path = AuxiliaryFunctions.hpp; sourceTree = "<group>"; };
		BE313ECC1E04698500120E25 /* AreaRepellant.cpp */ = {isa = PBXFileReference; fileEncoding = 4; lastKnownFileType = sourcecode.cpp.cpp; path = AreaRepellant.cpp; sourceTree = "<group>"; };
		BE313ECD1E04698500120E25 /* AreaRepellant.hpp */ = {isa = PBXFileReference; fileEncoding = 4; lastKnownFileType = sourcecode.cpp.h; path = AreaRepellant.hpp; sourceTree = "<group>"; };
		BE313ECF1E0469B400120E25 /* AreaSpray.cpp */ = {isa = PBXFileReference; fileEncoding = 4; lastKnownFileType = sourcecode.cpp.cpp; name = AreaSpray.cpp; path = MASHCPP/VectorControl/AreaSpray/AreaSpray.cpp; sourceTree = SOURCE_ROOT; };
		BE313ED01E0469B400120E25 /* AreaSpray.hpp */ = {isa = PBXFileReference; fileEncoding = 4; lastKnownFileType = sourcecode.cpp.h; name = AreaSpray.hpp; path = MASHCPP/VectorControl/AreaSpray/AreaSpray.hpp; sourceTree = SOURCE_ROOT; };
		BE313ED21E0469D200120E25 /* ATSB.cpp */ = {isa = PBXFileReference; fileEncoding = 4; lastKnownFileType = sourcecode.cpp.cpp; path = ATSB.cpp; sourceTree = "<group>"; };
		BE313ED31E0469D200120E25 /* ATSB.hpp */ = {isa = PBXFileReference; fileEncoding = 4; lastKnownFileType = sourcecode.cpp.h; path = ATSB.hpp; sourceTree = "<group>"; };
		BE313ED51E0469EA00120E25 /* BaitedTrap.cpp */ = {isa = PBXFileReference; fileEncoding = 4; lastKnownFileType = sourcecode.cpp.cpp; path = BaitedTrap.cpp; sourceTree = "<group>"; };
		BE313ED61E0469EA00120E25 /* BaitedTrap.hpp */ = {isa = PBXFileReference; fileEncoding = 4; lastKnownFileType = sourcecode.cpp.h; path = BaitedTrap.hpp; sourceTree = "<group>"; };
		BE313ED81E046A0000120E25 /* BiologicalControl.cpp */ = {isa = PBXFileReference; fileEncoding = 4; lastKnownFileType = sourcecode.cpp.cpp; path = BiologicalControl.cpp; sourceTree = "<group>"; };
		BE313ED91E046A0000120E25 /* BiologicalControl.hpp */ = {isa = PBXFileReference; fileEncoding = 4; lastKnownFileType = sourcecode.cpp.h; path = BiologicalControl.hpp; sourceTree = "<group>"; };
		BE313EDB1E046A1400120E25 /* EaveTube.cpp */ = {isa = PBXFileReference; fileEncoding = 4; lastKnownFileType = sourcecode.cpp.cpp; path = EaveTube.cpp; sourceTree = "<group>"; };
		BE313EDC1E046A1400120E25 /* EaveTube.hpp */ = {isa = PBXFileReference; fileEncoding = 4; lastKnownFileType = sourcecode.cpp.h; path = EaveTube.hpp; sourceTree = "<group>"; };
		BE313EDE1E046A2600120E25 /* GM.cpp */ = {isa = PBXFileReference; fileEncoding = 4; lastKnownFileType = sourcecode.cpp.cpp; path = GM.cpp; sourceTree = "<group>"; };
		BE313EDF1E046A2600120E25 /* GM.hpp */ = {isa = PBXFileReference; fileEncoding = 4; lastKnownFileType = sourcecode.cpp.h; path = GM.hpp; sourceTree = "<group>"; };
		BE313EE11E046AA600120E25 /* IRS.cpp */ = {isa = PBXFileReference; fileEncoding = 4; lastKnownFileType = sourcecode.cpp.cpp; path = IRS.cpp; sourceTree = "<group>"; };
		BE313EE21E046AA600120E25 /* IRS.hpp */ = {isa = PBXFileReference; fileEncoding = 4; lastKnownFileType = sourcecode.cpp.h; path = IRS.hpp; sourceTree = "<group>"; };
		BE313EE41E046AB900120E25 /* ITN.cpp */ = {isa = PBXFileReference; fileEncoding = 4; lastKnownFileType = sourcecode.cpp.cpp; path = ITN.cpp; sourceTree = "<group>"; };
		BE313EE51E046AB900120E25 /* ITN.hpp */ = {isa = PBXFileReference; fileEncoding = 4; lastKnownFileType = sourcecode.cpp.h; path = ITN.hpp; sourceTree = "<group>"; };
		BE313EE71E046ACF00120E25 /* Ivermectin.cpp */ = {isa = PBXFileReference; fileEncoding = 4; lastKnownFileType = sourcecode.cpp.cpp; path = Ivermectin.cpp; sourceTree = "<group>"; };
		BE313EE81E046ACF00120E25 /* Ivermectin.hpp */ = {isa = PBXFileReference; fileEncoding = 4; lastKnownFileType = sourcecode.cpp.h; path = Ivermectin.hpp; sourceTree = "<group>"; };
		BE313EEA1E046AE700120E25 /* Larviciding.cpp */ = {isa = PBXFileReference; fileEncoding = 4; lastKnownFileType = sourcecode.cpp.cpp; path = Larviciding.cpp; sourceTree = "<group>"; };
		BE313EEB1E046AE700120E25 /* Larviciding.hpp */ = {isa = PBXFileReference; fileEncoding = 4; lastKnownFileType = sourcecode.cpp.h; path = Larviciding.hpp; sourceTree = "<group>"; };
		BE313EED1E046B1200120E25 /* Ovitrap.cpp */ = {isa = PBXFileReference; fileEncoding = 4; lastKnownFileType = sourcecode.cpp.cpp; path = Ovitrap.cpp; sourceTree = "<group>"; };
		BE313EEE1E046B1200120E25 /* Ovitrap.hpp */ = {isa = PBXFileReference; fileEncoding = 4; lastKnownFileType = sourcecode.cpp.h; path = Ovitrap.hpp; sourceTree = "<group>"; };
		BE313EF01E046B2F00120E25 /* PersonalProtection.cpp */ = {isa = PBXFileReference; fileEncoding = 4; lastKnownFileType = sourcecode.cpp.cpp; path = PersonalProtection.cpp; sourceTree = "<group>"; };
		BE313EF11E046B2F00120E25 /* PersonalProtection.hpp */ = {isa = PBXFileReference; fileEncoding = 4; lastKnownFileType = sourcecode.cpp.h; path = PersonalProtection.hpp; sourceTree = "<group>"; };
		BE313EF31E046B4800120E25 /* PersonalRepellant.cpp */ = {isa = PBXFileReference; fileEncoding = 4; lastKnownFileType = sourcecode.cpp.cpp; path = PersonalRepellant.cpp; sourceTree = "<group>"; };
		BE313EF41E046B4800120E25 /* PersonalRepellant.hpp */ = {isa = PBXFileReference; fileEncoding = 4; lastKnownFileType = sourcecode.cpp.h; path = PersonalRepellant.hpp; sourceTree = "<group>"; };
		BE313EF61E046B8300120E25 /* SourceReduction.cpp */ = {isa = PBXFileReference; fileEncoding = 4; lastKnownFileType = sourcecode.cpp.cpp; path = SourceReduction.cpp; sourceTree = "<group>"; };
		BE313EF71E046B8300120E25 /* SourceReduction.hpp */ = {isa = PBXFileReference; fileEncoding = 4; lastKnownFileType = sourcecode.cpp.h; path = SourceReduction.hpp; sourceTree = "<group>"; };
		BE313EF91E046B9C00120E25 /* SwarmSpray.cpp */ = {isa = PBXFileReference; fileEncoding = 4; lastKnownFileType = sourcecode.cpp.cpp; name = SwarmSpray.cpp; path = MASHCPP/VectorControl/SwarmSpray/SwarmSpray.cpp; sourceTree = SOURCE_ROOT; };
		BE313EFA1E046B9C00120E25 /* SwarmSpray.hpp */ = {isa = PBXFileReference; fileEncoding = 4; lastKnownFileType = sourcecode.cpp.h; name = SwarmSpray.hpp; path = MASHCPP/VectorControl/SwarmSpray/SwarmSpray.hpp; sourceTree = SOURCE_ROOT; };
		BE313EFC1E046BB700120E25 /* Zoospray.cpp */ = {isa = PBXFileReference; fileEncoding = 4; lastKnownFileType = sourcecode.cpp.cpp; path = Zoospray.cpp; sourceTree = "<group>"; };
		BE313EFD1E046BB700120E25 /* Zoospray.hpp */ = {isa = PBXFileReference; fileEncoding = 4; lastKnownFileType = sourcecode.cpp.h; path = Zoospray.hpp; sourceTree = "<group>"; };
		BE3D9BE11DDD4D4100E470A6 /* MASHCPP */ = {isa = PBXFileReference; explicitFileType = "compiled.mach-o.executable"; includeInIndex = 0; path = MASHCPP; sourceTree = BUILT_PRODUCTS_DIR; };
		BE3D9BE41DDD4D4100E470A6 /* main.cpp */ = {isa = PBXFileReference; lastKnownFileType = sourcecode.cpp.cpp; path = main.cpp; sourceTree = "<group>"; };
		BE3D9BEC1DDD4D6100E470A6 /* Globals.hpp */ = {isa = PBXFileReference; fileEncoding = 4; lastKnownFileType = sourcecode.cpp.h; path = Globals.hpp; sourceTree = "<group>"; };
		BE3D9BEF1DDD4D6100E470A6 /* Mosquito.cpp */ = {isa = PBXFileReference; fileEncoding = 4; lastKnownFileType = sourcecode.cpp.cpp; path = Mosquito.cpp; sourceTree = "<group>"; };
		BE3D9BF01DDD4D6100E470A6 /* Mosquito.hpp */ = {isa = PBXFileReference; fileEncoding = 4; lastKnownFileType = sourcecode.cpp.h; path = Mosquito.hpp; sourceTree = "<group>"; };
		BE3D9BF91DDD4D6100E470A6 /* Site.cpp */ = {isa = PBXFileReference; fileEncoding = 4; lastKnownFileType = sourcecode.cpp.cpp; path = Site.cpp; sourceTree = "<group>"; };
		BE3D9BFA1DDD4D6100E470A6 /* Site.hpp */ = {isa = PBXFileReference; fileEncoding = 4; lastKnownFileType = sourcecode.cpp.h; path = Site.hpp; sourceTree = "<group>"; };
		BE3D9BFC1DDD4D6100E470A6 /* SiteFeeding.cpp */ = {isa = PBXFileReference; fileEncoding = 4; lastKnownFileType = sourcecode.cpp.cpp; path = SiteFeeding.cpp; sourceTree = "<group>"; };
		BE3D9BFD1DDD4D6100E470A6 /* SiteFeeding.hpp */ = {isa = PBXFileReference; fileEncoding = 4; lastKnownFileType = sourcecode.cpp.h; path = SiteFeeding.hpp; sourceTree = "<group>"; };
		BE3D9BFF1DDD4D6100E470A6 /* SiteLaying.cpp */ = {isa = PBXFileReference; fileEncoding = 4; lastKnownFileType = sourcecode.cpp.cpp; path = SiteLaying.cpp; sourceTree = "<group>"; };
		BE3D9C001DDD4D6100E470A6 /* SiteLaying.hpp */ = {isa = PBXFileReference; fileEncoding = 4; lastKnownFileType = sourcecode.cpp.h; path = SiteLaying.hpp; sourceTree = "<group>"; };
		BE3D9C021DDD4D6100E470A6 /* SiteMating.cpp */ = {isa = PBXFileReference; fileEncoding = 4; lastKnownFileType = sourcecode.cpp.cpp; path = SiteMating.cpp; sourceTree = "<group>"; };
		BE3D9C031DDD4D6100E470A6 /* SiteMating.hpp */ = {isa = PBXFileReference; fileEncoding = 4; lastKnownFileType = sourcecode.cpp.h; path = SiteMating.hpp; sourceTree = "<group>"; };
		BE3D9C051DDD4D6100E470A6 /* SiteSugar.cpp */ = {isa = PBXFileReference; fileEncoding = 4; lastKnownFileType = sourcecode.cpp.cpp; path = SiteSugar.cpp; sourceTree = "<group>"; };
		BE3D9C061DDD4D6100E470A6 /* SiteSugar.hpp */ = {isa = PBXFileReference; fileEncoding = 4; lastKnownFileType = sourcecode.cpp.h; path = SiteSugar.hpp; sourceTree = "<group>"; };
		BE3D9C191DDD4D6100E470A6 /* VectorControl.cpp */ = {isa = PBXFileReference; fileEncoding = 4; lastKnownFileType = sourcecode.cpp.cpp; path = VectorControl.cpp; sourceTree = "<group>"; };
		BE3D9C1A1DDD4D6100E470A6 /* VectorControl.hpp */ = {isa = PBXFileReference; fileEncoding = 4; lastKnownFileType = sourcecode.cpp.h; path = VectorControl.hpp; sourceTree = "<group>"; };
		BE40ABE31E43D30E00808031 /* PathogenPopulation.cpp */ = {isa = PBXFileReference; fileEncoding = 4; lastKnownFileType = sourcecode.cpp.cpp; path = PathogenPopulation.cpp; sourceTree = "<group>"; };
		BE40ABE41E43D30E00808031 /* PathogenPopulation.hpp */ = {isa = PBXFileReference; fileEncoding = 4; lastKnownFileType = sourcecode.cpp.h; path = PathogenPopulation.hpp; sourceTree = "<group>"; };
		BE40ABE61E43D34900808031 /* HumanPopulation.cpp */ = {isa = PBXFileReference; fileEncoding = 4; lastKnownFileType = sourcecode.cpp.cpp; path = HumanPopulation.cpp; sourceTree = "<group>"; };
		BE40ABE71E43D34900808031 /* HumanPopulation.hpp */ = {isa = PBXFileReference; fileEncoding = 4; lastKnownFileType = sourcecode.cpp.h; path = HumanPopulation.hpp; sourceTree = "<group>"; };
		BE5184D61E3652C1003C599F /* BetaDistribution.cpp */ = {isa = PBXFileReference; fileEncoding = 4; lastKnownFileType = sourcecode.cpp.cpp; path = BetaDistribution.cpp; sourceTree = "<group>"; };
		BE5184D71E3652C1003C599F /* BetaDistribution.hpp */ = {isa = PBXFileReference; fileEncoding = 4; lastKnownFileType = sourcecode.cpp.h; path = BetaDistribution.hpp; sourceTree = "<group>"; };
		BE5184D91E3652D2003C599F /* ExponentialDistribution.cpp */ = {isa = PBXFileReference; fileEncoding = 4; lastKnownFileType = sourcecode.cpp.cpp; path = ExponentialDistribution.cpp; sourceTree = "<group>"; };
		BE5184DA1E3652D2003C599F /* ExponentialDistribution.hpp */ = {isa = PBXFileReference; fileEncoding = 4; lastKnownFileType = sourcecode.cpp.h; path = ExponentialDistribution.hpp; sourceTree = "<group>"; };
		BE87A27C1E045DD200043BFE /* DataExport.cpp */ = {isa = PBXFileReference; fileEncoding = 4; lastKnownFileType = sourcecode.cpp.cpp; name = DataExport.cpp; path = MASHCPP/DataFlow/DataExport/DataExport.cpp; sourceTree = SOURCE_ROOT; };
		BE87A27D1E045DD200043BFE /* DataExport.hpp */ = {isa = PBXFileReference; fileEncoding = 4; lastKnownFileType = sourcecode.cpp.h; name = DataExport.hpp; path = MASHCPP/DataFlow/DataExport/DataExport.hpp; sourceTree = SOURCE_ROOT; };
		BE87A2801E045F2600043BFE /* DataImport.cpp */ = {isa = PBXFileReference; fileEncoding = 4; lastKnownFileType = sourcecode.cpp.cpp; name = DataImport.cpp; path = MASHCPP/DataFlow/DataImport/DataImport.cpp; sourceTree = SOURCE_ROOT; };
		BE87A2811E045F2600043BFE /* DataImport.hpp */ = {isa = PBXFileReference; fileEncoding = 4; lastKnownFileType = sourcecode.cpp.h; name = DataImport.hpp; path = MASHCPP/DataFlow/DataImport/DataImport.hpp; sourceTree = SOURCE_ROOT; };
		BE8B41211E271F4500BE6CA5 /* MosquitoAquatic.cpp */ = {isa = PBXFileReference; fileEncoding = 4; lastKnownFileType = sourcecode.cpp.cpp; path = MosquitoAquatic.cpp; sourceTree = "<group>"; };
		BE8B41221E271F4500BE6CA5 /* MosquitoAquatic.hpp */ = {isa = PBXFileReference; fileEncoding = 4; lastKnownFileType = sourcecode.cpp.h; path = MosquitoAquatic.hpp; sourceTree = "<group>"; };
		BE8B6B681E1F089E0094C326 /* Landscape.cpp */ = {isa = PBXFileReference; fileEncoding = 4; lastKnownFileType = sourcecode.cpp.cpp; name = Landscape.cpp; path = Landscape/Landscape.cpp; sourceTree = "<group>"; };
		BE8B6B691E1F089E0094C326 /* Landscape.hpp */ = {isa = PBXFileReference; fileEncoding = 4; lastKnownFileType = sourcecode.cpp.h; name = Landscape.hpp; path = Landscape/Landscape.hpp; sourceTree = "<group>"; };
		BE92F7BB1E313A670061F72A /* NormalDistribution.cpp */ = {isa = PBXFileReference; fileEncoding = 4; lastKnownFileType = sourcecode.cpp.cpp; path = NormalDistribution.cpp; sourceTree = "<group>"; };
		BE92F7BC1E313A670061F72A /* NormalDistribution.hpp */ = {isa = PBXFileReference; fileEncoding = 4; lastKnownFileType = sourcecode.cpp.h; path = NormalDistribution.hpp; sourceTree = "<group>"; };
		BEADF2511E2FBFC50043E2B4 /* AedesAegypti.cpp */ = {isa = PBXFileReference; fileEncoding = 4; lastKnownFileType = sourcecode.cpp.cpp; name = AedesAegypti.cpp; path = AedesAegypti/AedesAegypti.cpp; sourceTree = "<group>"; };
		BEADF2521E2FBFC50043E2B4 /* AedesAegypti.hpp */ = {isa = PBXFileReference; fileEncoding = 4; lastKnownFileType = sourcecode.cpp.h; name = AedesAegypti.hpp; path = AedesAegypti/AedesAegypti.hpp; sourceTree = "<group>"; };
		BEADF2541E2FBFDE0043E2B4 /* AnophelesGambiae.cpp */ = {isa = PBXFileReference; fileEncoding = 4; lastKnownFileType = sourcecode.cpp.cpp; name = AnophelesGambiae.cpp; path = AnophelesGambiae/AnophelesGambiae.cpp; sourceTree = "<group>"; };
		BEADF2551E2FBFDE0043E2B4 /* AnophelesGambiae.hpp */ = {isa = PBXFileReference; fileEncoding = 4; lastKnownFileType = sourcecode.cpp.h; name = AnophelesGambiae.hpp; path = AnophelesGambiae/AnophelesGambiae.hpp; sourceTree = "<group>"; };
		BEADF2591E2FC1D20043E2B4 /* AnophelesGambiaeMale.cpp */ = {isa = PBXFileReference; fileEncoding = 4; lastKnownFileType = sourcecode.cpp.cpp; name = AnophelesGambiaeMale.cpp; path = AnophelesGambiae/AnophelesGambiaeMale/AnophelesGambiaeMale.cpp; sourceTree = "<group>"; };
		BEADF25A1E2FC1D20043E2B4 /* AnophelesGambiaeMale.hpp */ = {isa = PBXFileReference; fileEncoding = 4; lastKnownFileType = sourcecode.cpp.h; name = AnophelesGambiaeMale.hpp; path = AnophelesGambiae/AnophelesGambiaeMale/AnophelesGambiaeMale.hpp; sourceTree = "<group>"; };
		BEADF25C1E2FC1EC0043E2B4 /* AnophelesGambiaeFemale.cpp */ = {isa = PBXFileReference; fileEncoding = 4; lastKnownFileType = sourcecode.cpp.cpp; name = AnophelesGambiaeFemale.cpp; path = AnophelesGambiae/AnophelesGambiaeFemale/AnophelesGambiaeFemale.cpp; sourceTree = "<group>"; };
		BEADF25D1E2FC1EC0043E2B4 /* AnophelesGambiaeFemale.hpp */ = {isa = PBXFileReference; fileEncoding = 4; lastKnownFileType = sourcecode.cpp.h; name = AnophelesGambiaeFemale.hpp; path = AnophelesGambiae/AnophelesGambiaeFemale/AnophelesGambiaeFemale.hpp; sourceTree = "<group>"; };
		BEADF2681E2FD7300043E2B4 /* MosquitoGeneric.cpp */ = {isa = PBXFileReference; fileEncoding = 4; lastKnownFileType = sourcecode.cpp.cpp; name = MosquitoGeneric.cpp; path = MosquitoGeneric/MosquitoGeneric.cpp; sourceTree = "<group>"; };
		BEADF2691E2FD7300043E2B4 /* MosquitoGeneric.hpp */ = {isa = PBXFileReference; fileEncoding = 4; lastKnownFileType = sourcecode.cpp.h; name = MosquitoGeneric.hpp; path = MosquitoGeneric/MosquitoGeneric.hpp; sourceTree = "<group>"; };
		BEADF26D1E2FD8010043E2B4 /* MosquitoGenericFemale.cpp */ = {isa = PBXFileReference; fileEncoding = 4; lastKnownFileType = sourcecode.cpp.cpp; name = MosquitoGenericFemale.cpp; path = MosquitoGeneric/MosquitoGenericFemale/MosquitoGenericFemale.cpp; sourceTree = "<group>"; };
		BEADF26E1E2FD8010043E2B4 /* MosquitoGenericFemale.hpp */ = {isa = PBXFileReference; fileEncoding = 4; lastKnownFileType = sourcecode.cpp.h; name = MosquitoGenericFemale.hpp; path = MosquitoGeneric/MosquitoGenericFemale/MosquitoGenericFemale.hpp; sourceTree = "<group>"; };
		BEADF2701E2FD8440043E2B4 /* MosquitoGenericMale.cpp */ = {isa = PBXFileReference; fileEncoding = 4; lastKnownFileType = sourcecode.cpp.cpp; name = MosquitoGenericMale.cpp; path = MosquitoGeneric/MosquitoGenericMale/MosquitoGenericMale.cpp; sourceTree = "<group>"; };
		BEADF2711E2FD8440043E2B4 /* MosquitoGenericMale.hpp */ = {isa = PBXFileReference; fileEncoding = 4; lastKnownFileType = sourcecode.cpp.h; name = MosquitoGenericMale.hpp; path = MosquitoGeneric/MosquitoGenericMale/MosquitoGenericMale.hpp; sourceTree = "<group>"; };
		BEC6C4B61E148975009F3680 /* StatisticalFunctions.cpp */ = {isa = PBXFileReference; fileEncoding = 4; lastKnownFileType = sourcecode.cpp.cpp; path = StatisticalFunctions.cpp; sourceTree = "<group>"; };
		BEC6C4B71E148975009F3680 /* StatisticalFunctions.hpp */ = {isa = PBXFileReference; fileEncoding = 4; lastKnownFileType = sourcecode.cpp.h; path = StatisticalFunctions.hpp; sourceTree = "<group>"; };
		BEDE045D1DECDD2E008DE68B /* MosquitoLifeParameters.cpp */ = {isa = PBXFileReference; fileEncoding = 4; lastKnownFileType = sourcecode.cpp.cpp; path = MosquitoLifeParameters.cpp; sourceTree = "<group>"; };
		BEDE045E1DECDD2E008DE68B /* MosquitoLifeParameters.hpp */ = {isa = PBXFileReference; fileEncoding = 4; lastKnownFileType = sourcecode.cpp.h; path = MosquitoLifeParameters.hpp; sourceTree = "<group>"; };
		BEE803C41DECEF7700068D5C /* VectorControlParameters.hpp */ = {isa = PBXFileReference; fileEncoding = 4; lastKnownFileType = sourcecode.cpp.h; path = VectorControlParameters.hpp; sourceTree = "<group>"; };
		BEEDE6EF1DDF60D000A3C2A5 /* UnitTest.cpp */ = {isa = PBXFileReference; fileEncoding = 4; lastKnownFileType = sourcecode.cpp.cpp; name = UnitTest.cpp; path = MASHCPP/UnitTests/UnitTest.cpp; sourceTree = SOURCE_ROOT; };
		BEEDE6F01DDF60D000A3C2A5 /* UnitTest.hpp */ = {isa = PBXFileReference; fileEncoding = 4; lastKnownFileType = sourcecode.cpp.h; name = UnitTest.hpp; path = MASHCPP/UnitTests/UnitTest.hpp; sourceTree = SOURCE_ROOT; };
/* End PBXFileReference section */

/* Begin PBXFrameworksBuildPhase section */
		BE3D9BDE1DDD4D4100E470A6 /* Frameworks */ = {
			isa = PBXFrameworksBuildPhase;
			buildActionMask = 2147483647;
			files = (
			);
			runOnlyForDeploymentPostprocessing = 0;
		};
/* End PBXFrameworksBuildPhase section */

/* Begin PBXGroup section */
		BE14549E1E2FDF5B009EDCFC /* AedesAegyptiMale */ = {
			isa = PBXGroup;
			children = (
				BE1454A31E2FDFA4009EDCFC /* AedesAegyptiMale.cpp */,
				BE1454A41E2FDFA4009EDCFC /* AedesAegyptiMale.hpp */,
			);
			name = AedesAegyptiMale;
			sourceTree = "<group>";
		};
		BE14549F1E2FDF64009EDCFC /* AedesAegyptiFemale */ = {
			isa = PBXGroup;
			children = (
				BE1454A01E2FDF90009EDCFC /* AedesAegyptiFemale.cpp */,
				BE1454A11E2FDF90009EDCFC /* AedesAegyptiFemale.hpp */,
			);
			name = AedesAegyptiFemale;
			sourceTree = "<group>";
		};
		BE15B3671DFB580200CE7C74 /* Cattle */ = {
			isa = PBXGroup;
			children = (
				BE15B36B1DFB5E7700CE7C74 /* Cattle.cpp */,
				BE15B36C1DFB5E7700CE7C74 /* Cattle.hpp */,
			);
			name = Cattle;
			sourceTree = "<group>";
		};
		BE15B3741DFB646500CE7C74 /* PlasmodiumFalciparum */ = {
			isa = PBXGroup;
			children = (
				BE15B3711DFB645B00CE7C74 /* PlasmodiumFalciparum.cpp */,
				BE15B3721DFB645B00CE7C74 /* PlasmodiumFalciparum.hpp */,
			);
			name = PlasmodiumFalciparum;
			path = ..;
			sourceTree = "<group>";
		};
		BE15B3751DFB64A700CE7C74 /* PlasmodiumVivax */ = {
			isa = PBXGroup;
			children = (
				BE15B3761DFB64C500CE7C74 /* PlasmodiumVivax.cpp */,
				BE15B3771DFB64C500CE7C74 /* PlasmodiumVivax.hpp */,
			);
			name = PlasmodiumVivax;
			sourceTree = "<group>";
		};
		BE15B3791DFB64D200CE7C74 /* DENV */ = {
			isa = PBXGroup;
			children = (
				BE15B37C1DFB6BCD00CE7C74 /* DENV.cpp */,
				BE15B37D1DFB6BCD00CE7C74 /* DENV.hpp */,
			);
			name = DENV;
			sourceTree = "<group>";
		};
		BE15B37A1DFB64F800CE7C74 /* CHIKV */ = {
			isa = PBXGroup;
			children = (
				BE15B37F1DFB6BEC00CE7C74 /* CHIKV.cpp */,
				BE15B3801DFB6BEC00CE7C74 /* CHIKV.hpp */,
			);
			name = CHIKV;
			sourceTree = "<group>";
		};
		BE15B37B1DFB651500CE7C74 /* ZIKV */ = {
			isa = PBXGroup;
			children = (
				BE15B3821DFB6C6B00CE7C74 /* ZIKV.cpp */,
				BE15B3831DFB6C6B00CE7C74 /* ZIKV.hpp */,
			);
			name = ZIKV;
			sourceTree = "<group>";
		};
		BE2A85361DDE4ECE00EB2CDC /* AuxiliaryFunctions */ = {
			isa = PBXGroup;
			children = (
				BE2A85371DDE4EDE00EB2CDC /* AuxiliaryFunctions.cpp */,
				BE2A85381DDE4EDE00EB2CDC /* AuxiliaryFunctions.hpp */,
				BEC6C4B61E148975009F3680 /* StatisticalFunctions.cpp */,
				BEC6C4B71E148975009F3680 /* StatisticalFunctions.hpp */,
				BE11B7861E15E44A0045B3EE /* StatisticalConstants.cpp */,
				BE11B7871E15E44A0045B3EE /* StatisticalConstants.hpp */,
				BE92F7BB1E313A670061F72A /* NormalDistribution.cpp */,
				BE92F7BC1E313A670061F72A /* NormalDistribution.hpp */,
				BE5184D61E3652C1003C599F /* BetaDistribution.cpp */,
				BE5184D71E3652C1003C599F /* BetaDistribution.hpp */,
				BE5184D91E3652D2003C599F /* ExponentialDistribution.cpp */,
				BE5184DA1E3652D2003C599F /* ExponentialDistribution.hpp */,
			);
			path = AuxiliaryFunctions;
			sourceTree = "<group>";
		};
		BE3D9BD81DDD4D4100E470A6 = {
			isa = PBXGroup;
			children = (
				BE3D9BE31DDD4D4100E470A6 /* MASHCPP */,
				BE3D9BE21DDD4D4100E470A6 /* Products */,
				BE56EC571E0043960014D41B /* Frameworks */,
			);
			sourceTree = "<group>";
		};
		BE3D9BE21DDD4D4100E470A6 /* Products */ = {
			isa = PBXGroup;
			children = (
				BE3D9BE11DDD4D4100E470A6 /* MASHCPP */,
			);
			name = Products;
			sourceTree = "<group>";
		};
		BE3D9BE31DDD4D4100E470A6 /* MASHCPP */ = {
			isa = PBXGroup;
			children = (
				BE3D9BE41DDD4D4100E470A6 /* main.cpp */,
				BE2A85341DDE3B4500EB2CDC /* Imported.hpp */,
				BE3D9BEB1DDD4D6100E470A6 /* GlobalParameters */,
				BE87A2741E0458A100043BFE /* DataFlow */,
				BE56EC5C1E00492F0014D41B /* Libraries */,
				BE73FBB11DDF82B200A0B6F2 /* UnitTests */,
				BE2A85361DDE4ECE00EB2CDC /* AuxiliaryFunctions */,
				BE3D9C071DDD4D6100E470A6 /* Utilities */,
				BE3D9BED1DDD4D6100E470A6 /* Human */,
				BE15B3671DFB580200CE7C74 /* Cattle */,
				BE3D9BEE1DDD4D6100E470A6 /* Mosquito */,
				BE3D9BF71DDD4D6100E470A6 /* Pathogen */,
				BE8B6B671E1F08790094C326 /* Landscape */,
				BE3D9BF81DDD4D6100E470A6 /* Site */,
				BE3D9C081DDD4D6100E470A6 /* VectorControl */,
			);
			path = MASHCPP;
			sourceTree = "<group>";
		};
		BE3D9BEB1DDD4D6100E470A6 /* GlobalParameters */ = {
			isa = PBXGroup;
			children = (
				BE3D9BEC1DDD4D6100E470A6 /* Globals.hpp */,
			);
			path = GlobalParameters;
			sourceTree = "<group>";
		};
		BE3D9BED1DDD4D6100E470A6 /* Human */ = {
			isa = PBXGroup;
			children = (
				BE15B3681DFB5D9900CE7C74 /* Human.cpp */,
				BE15B3691DFB5D9900CE7C74 /* Human.hpp */,
				BE40ABE61E43D34900808031 /* HumanPopulation.cpp */,
				BE40ABE71E43D34900808031 /* HumanPopulation.hpp */,
			);
			path = Human;
			sourceTree = "<group>";
		};
		BE3D9BEE1DDD4D6100E470A6 /* Mosquito */ = {
			isa = PBXGroup;
			children = (
				BE3D9BEF1DDD4D6100E470A6 /* Mosquito.cpp */,
				BE3D9BF01DDD4D6100E470A6 /* Mosquito.hpp */,
				BE8B41211E271F4500BE6CA5 /* MosquitoAquatic.cpp */,
				BE8B41221E271F4500BE6CA5 /* MosquitoAquatic.hpp */,
				BE13172B1E243DE400D92451 /* MosquitoPopulation.cpp */,
				BE13172C1E243DE400D92451 /* MosquitoPopulation.hpp */,
				BEDE045D1DECDD2E008DE68B /* MosquitoLifeParameters.cpp */,
				BEDE045E1DECDD2E008DE68B /* MosquitoLifeParameters.hpp */,
				BEADF2671E2FD6380043E2B4 /* MosquitoGeneric */,
				BEADF2501E2FBF5E0043E2B4 /* AnophelesGambiae */,
				BEADF24F1E2FBF380043E2B4 /* AedesAegypti */,
				BEDE04471DECDB2F008DE68B /* M-BITES */,
			);
			path = Mosquito;
			sourceTree = "<group>";
		};
		BE3D9BF71DDD4D6100E470A6 /* Pathogen */ = {
			isa = PBXGroup;
			children = (
				BE15B36E1DFB641800CE7C74 /* Pathogen.cpp */,
				BE15B36F1DFB641800CE7C74 /* Pathogen.hpp */,
				BE40ABE31E43D30E00808031 /* PathogenPopulation.cpp */,
				BE40ABE41E43D30E00808031 /* PathogenPopulation.hpp */,
				BE15B37B1DFB651500CE7C74 /* ZIKV */,
				BE15B37A1DFB64F800CE7C74 /* CHIKV */,
				BE15B3791DFB64D200CE7C74 /* DENV */,
				BE15B3751DFB64A700CE7C74 /* PlasmodiumVivax */,
				BE15B3741DFB646500CE7C74 /* PlasmodiumFalciparum */,
			);
			path = Pathogen;
			sourceTree = "<group>";
		};
		BE3D9BF81DDD4D6100E470A6 /* Site */ = {
			isa = PBXGroup;
			children = (
				BE3D9BF91DDD4D6100E470A6 /* Site.cpp */,
				BE3D9BFA1DDD4D6100E470A6 /* Site.hpp */,
				BE15B3641DFB54F000CE7C74 /* MovementKernel.cpp */,
				BE15B3651DFB54F000CE7C74 /* MovementKernel.hpp */,
				BE3D9BFB1DDD4D6100E470A6 /* SiteFeeding */,
				BE3D9BFE1DDD4D6100E470A6 /* SiteLaying */,
				BE3D9C011DDD4D6100E470A6 /* SiteMating */,
				BE3D9C041DDD4D6100E470A6 /* SiteSugar */,
			);
			path = Site;
			sourceTree = "<group>";
		};
		BE3D9BFB1DDD4D6100E470A6 /* SiteFeeding */ = {
			isa = PBXGroup;
			children = (
				BE3D9BFC1DDD4D6100E470A6 /* SiteFeeding.cpp */,
				BE3D9BFD1DDD4D6100E470A6 /* SiteFeeding.hpp */,
			);
			path = SiteFeeding;
			sourceTree = "<group>";
		};
		BE3D9BFE1DDD4D6100E470A6 /* SiteLaying */ = {
			isa = PBXGroup;
			children = (
				BE3D9BFF1DDD4D6100E470A6 /* SiteLaying.cpp */,
				BE3D9C001DDD4D6100E470A6 /* SiteLaying.hpp */,
			);
			path = SiteLaying;
			sourceTree = "<group>";
		};
		BE3D9C011DDD4D6100E470A6 /* SiteMating */ = {
			isa = PBXGroup;
			children = (
				BE3D9C021DDD4D6100E470A6 /* SiteMating.cpp */,
				BE3D9C031DDD4D6100E470A6 /* SiteMating.hpp */,
			);
			path = SiteMating;
			sourceTree = "<group>";
		};
		BE3D9C041DDD4D6100E470A6 /* SiteSugar */ = {
			isa = PBXGroup;
			children = (
				BE3D9C051DDD4D6100E470A6 /* SiteSugar.cpp */,
				BE3D9C061DDD4D6100E470A6 /* SiteSugar.hpp */,
			);
			path = SiteSugar;
			sourceTree = "<group>";
		};
		BE3D9C071DDD4D6100E470A6 /* Utilities */ = {
			isa = PBXGroup;
			children = (
			);
			path = Utilities;
			sourceTree = "<group>";
		};
		BE3D9C081DDD4D6100E470A6 /* VectorControl */ = {
			isa = PBXGroup;
			children = (
				BE3D9C191DDD4D6100E470A6 /* VectorControl.cpp */,
				BE3D9C1A1DDD4D6100E470A6 /* VectorControl.hpp */,
				BEE803C41DECEF7700068D5C /* VectorControlParameters.hpp */,
				BE3D9C091DDD4D6100E470A6 /* AreaRepellant */,
				BE3D9C0A1DDD4D6100E470A6 /* AreaSpray */,
				BE3D9C0B1DDD4D6100E470A6 /* ATSB */,
				BE3D9C0C1DDD4D6100E470A6 /* BaitedTrap */,
				BE3D9C0D1DDD4D6100E470A6 /* BiologicalControl */,
				BE3D9C0E1DDD4D6100E470A6 /* EaveTube */,
				BE3D9C0F1DDD4D6100E470A6 /* GM */,
				BE3D9C101DDD4D6100E470A6 /* IRS */,
				BE3D9C111DDD4D6100E470A6 /* ITN */,
				BE3D9C121DDD4D6100E470A6 /* Ivermectin */,
				BE3D9C131DDD4D6100E470A6 /* Larviciding */,
				BE3D9C141DDD4D6100E470A6 /* Ovitrap */,
				BE3D9C151DDD4D6100E470A6 /* PersonalProtection */,
				BE3D9C161DDD4D6100E470A6 /* PersonalRepellant */,
				BE3D9C171DDD4D6100E470A6 /* SourceReduction */,
				BE3D9C181DDD4D6100E470A6 /* SwarmSpray */,
				BE3D9C1B1DDD4D6100E470A6 /* Zoospray */,
			);
			path = VectorControl;
			sourceTree = "<group>";
		};
		BE3D9C091DDD4D6100E470A6 /* AreaRepellant */ = {
			isa = PBXGroup;
			children = (
				BE313ECC1E04698500120E25 /* AreaRepellant.cpp */,
				BE313ECD1E04698500120E25 /* AreaRepellant.hpp */,
			);
			path = AreaRepellant;
			sourceTree = "<group>";
		};
		BE3D9C0A1DDD4D6100E470A6 /* AreaSpray */ = {
			isa = PBXGroup;
			children = (
				BE313ECF1E0469B400120E25 /* AreaSpray.cpp */,
				BE313ED01E0469B400120E25 /* AreaSpray.hpp */,
			);
			name = AreaSpray;
			path = AreaSpraying;
			sourceTree = "<group>";
		};
		BE3D9C0B1DDD4D6100E470A6 /* ATSB */ = {
			isa = PBXGroup;
			children = (
				BE313ED21E0469D200120E25 /* ATSB.cpp */,
				BE313ED31E0469D200120E25 /* ATSB.hpp */,
			);
			path = ATSB;
			sourceTree = "<group>";
		};
		BE3D9C0C1DDD4D6100E470A6 /* BaitedTrap */ = {
			isa = PBXGroup;
			children = (
				BE313ED51E0469EA00120E25 /* BaitedTrap.cpp */,
				BE313ED61E0469EA00120E25 /* BaitedTrap.hpp */,
			);
			path = BaitedTrap;
			sourceTree = "<group>";
		};
		BE3D9C0D1DDD4D6100E470A6 /* BiologicalControl */ = {
			isa = PBXGroup;
			children = (
				BE313ED81E046A0000120E25 /* BiologicalControl.cpp */,
				BE313ED91E046A0000120E25 /* BiologicalControl.hpp */,
			);
			path = BiologicalControl;
			sourceTree = "<group>";
		};
		BE3D9C0E1DDD4D6100E470A6 /* EaveTube */ = {
			isa = PBXGroup;
			children = (
				BE313EDB1E046A1400120E25 /* EaveTube.cpp */,
				BE313EDC1E046A1400120E25 /* EaveTube.hpp */,
			);
			path = EaveTube;
			sourceTree = "<group>";
		};
		BE3D9C0F1DDD4D6100E470A6 /* GM */ = {
			isa = PBXGroup;
			children = (
				BE313EDE1E046A2600120E25 /* GM.cpp */,
				BE313EDF1E046A2600120E25 /* GM.hpp */,
			);
			path = GM;
			sourceTree = "<group>";
		};
		BE3D9C101DDD4D6100E470A6 /* IRS */ = {
			isa = PBXGroup;
			children = (
				BE313EE11E046AA600120E25 /* IRS.cpp */,
				BE313EE21E046AA600120E25 /* IRS.hpp */,
			);
			path = IRS;
			sourceTree = "<group>";
		};
		BE3D9C111DDD4D6100E470A6 /* ITN */ = {
			isa = PBXGroup;
			children = (
				BE313EE41E046AB900120E25 /* ITN.cpp */,
				BE313EE51E046AB900120E25 /* ITN.hpp */,
			);
			path = ITN;
			sourceTree = "<group>";
		};
		BE3D9C121DDD4D6100E470A6 /* Ivermectin */ = {
			isa = PBXGroup;
			children = (
				BE313EE71E046ACF00120E25 /* Ivermectin.cpp */,
				BE313EE81E046ACF00120E25 /* Ivermectin.hpp */,
			);
			path = Ivermectin;
			sourceTree = "<group>";
		};
		BE3D9C131DDD4D6100E470A6 /* Larviciding */ = {
			isa = PBXGroup;
			children = (
				BE313EEA1E046AE700120E25 /* Larviciding.cpp */,
				BE313EEB1E046AE700120E25 /* Larviciding.hpp */,
			);
			path = Larviciding;
			sourceTree = "<group>";
		};
		BE3D9C141DDD4D6100E470A6 /* Ovitrap */ = {
			isa = PBXGroup;
			children = (
				BE313EED1E046B1200120E25 /* Ovitrap.cpp */,
				BE313EEE1E046B1200120E25 /* Ovitrap.hpp */,
			);
			path = Ovitrap;
			sourceTree = "<group>";
		};
		BE3D9C151DDD4D6100E470A6 /* PersonalProtection */ = {
			isa = PBXGroup;
			children = (
				BE313EF01E046B2F00120E25 /* PersonalProtection.cpp */,
				BE313EF11E046B2F00120E25 /* PersonalProtection.hpp */,
			);
			path = PersonalProtection;
			sourceTree = "<group>";
		};
		BE3D9C161DDD4D6100E470A6 /* PersonalRepellant */ = {
			isa = PBXGroup;
			children = (
				BE313EF31E046B4800120E25 /* PersonalRepellant.cpp */,
				BE313EF41E046B4800120E25 /* PersonalRepellant.hpp */,
			);
			path = PersonalRepellant;
			sourceTree = "<group>";
		};
		BE3D9C171DDD4D6100E470A6 /* SourceReduction */ = {
			isa = PBXGroup;
			children = (
				BE313EF61E046B8300120E25 /* SourceReduction.cpp */,
				BE313EF71E046B8300120E25 /* SourceReduction.hpp */,
			);
			path = SourceReduction;
			sourceTree = "<group>";
		};
		BE3D9C181DDD4D6100E470A6 /* SwarmSpray */ = {
			isa = PBXGroup;
			children = (
				BE313EF91E046B9C00120E25 /* SwarmSpray.cpp */,
				BE313EFA1E046B9C00120E25 /* SwarmSpray.hpp */,
			);
			name = SwarmSpray;
			path = SwarmSpraying;
			sourceTree = "<group>";
		};
		BE3D9C1B1DDD4D6100E470A6 /* Zoospray */ = {
			isa = PBXGroup;
			children = (
				BE313EFC1E046BB700120E25 /* Zoospray.cpp */,
				BE313EFD1E046BB700120E25 /* Zoospray.hpp */,
			);
			path = Zoospray;
			sourceTree = "<group>";
		};
		BE56EC571E0043960014D41B /* Frameworks */ = {
			isa = PBXGroup;
			children = (
			);
			name = Frameworks;
			sourceTree = "<group>";
		};
		BE56EC5C1E00492F0014D41B /* Libraries */ = {
			isa = PBXGroup;
			children = (
			);
			path = Libraries;
			sourceTree = "<group>";
		};
		BE73FBB11DDF82B200A0B6F2 /* UnitTests */ = {
			isa = PBXGroup;
			children = (
				BEEDE6EF1DDF60D000A3C2A5 /* UnitTest.cpp */,
				BEEDE6F01DDF60D000A3C2A5 /* UnitTest.hpp */,
			);
			name = UnitTests;
			sourceTree = "<group>";
		};
		BE87A2741E0458A100043BFE /* DataFlow */ = {
			isa = PBXGroup;
			children = (
				BE87A27F1E045E6200043BFE /* DataImport */,
				BE87A27B1E045DC400043BFE /* DataExport */,
			);
			name = DataFlow;
			path = DataExport;
			sourceTree = "<group>";
		};
		BE87A27B1E045DC400043BFE /* DataExport */ = {
			isa = PBXGroup;
			children = (
				BE87A27C1E045DD200043BFE /* DataExport.cpp */,
				BE87A27D1E045DD200043BFE /* DataExport.hpp */,
			);
			name = DataExport;
			sourceTree = "<group>";
		};
		BE87A27F1E045E6200043BFE /* DataImport */ = {
			isa = PBXGroup;
			children = (
				BE87A2801E045F2600043BFE /* DataImport.cpp */,
				BE87A2811E045F2600043BFE /* DataImport.hpp */,
			);
			name = DataImport;
			sourceTree = "<group>";
		};
		BE8B6B671E1F08790094C326 /* Landscape */ = {
			isa = PBXGroup;
			children = (
				BE8B6B681E1F089E0094C326 /* Landscape.cpp */,
				BE8B6B691E1F089E0094C326 /* Landscape.hpp */,
			);
			name = Landscape;
			sourceTree = "<group>";
		};
		BEADF24F1E2FBF380043E2B4 /* AedesAegypti */ = {
			isa = PBXGroup;
			children = (
				BEADF2511E2FBFC50043E2B4 /* AedesAegypti.cpp */,
				BEADF2521E2FBFC50043E2B4 /* AedesAegypti.hpp */,
				BE14549F1E2FDF64009EDCFC /* AedesAegyptiFemale */,
				BE14549E1E2FDF5B009EDCFC /* AedesAegyptiMale */,
			);
			name = AedesAegypti;
			sourceTree = "<group>";
		};
		BEADF2501E2FBF5E0043E2B4 /* AnophelesGambiae */ = {
			isa = PBXGroup;
			children = (
				BEADF2541E2FBFDE0043E2B4 /* AnophelesGambiae.cpp */,
				BEADF2551E2FBFDE0043E2B4 /* AnophelesGambiae.hpp */,
				BEADF2661E2FCDF50043E2B4 /* AnophelesGambiaeMale */,
				BEADF2651E2FCDE70043E2B4 /* AnophelesGambiaeFemale */,
			);
			name = AnophelesGambiae;
			sourceTree = "<group>";
		};
		BEADF2651E2FCDE70043E2B4 /* AnophelesGambiaeFemale */ = {
			isa = PBXGroup;
			children = (
				BEADF25C1E2FC1EC0043E2B4 /* AnophelesGambiaeFemale.cpp */,
				BEADF25D1E2FC1EC0043E2B4 /* AnophelesGambiaeFemale.hpp */,
			);
			name = AnophelesGambiaeFemale;
			sourceTree = "<group>";
		};
		BEADF2661E2FCDF50043E2B4 /* AnophelesGambiaeMale */ = {
			isa = PBXGroup;
			children = (
				BEADF2591E2FC1D20043E2B4 /* AnophelesGambiaeMale.cpp */,
				BEADF25A1E2FC1D20043E2B4 /* AnophelesGambiaeMale.hpp */,
			);
			name = AnophelesGambiaeMale;
			sourceTree = "<group>";
		};
		BEADF2671E2FD6380043E2B4 /* MosquitoGeneric */ = {
			isa = PBXGroup;
			children = (
				BEADF2681E2FD7300043E2B4 /* MosquitoGeneric.cpp */,
				BEADF2691E2FD7300043E2B4 /* MosquitoGeneric.hpp */,
				BEADF26C1E2FD76B0043E2B4 /* MosquitoGenericFemale */,
				BEADF26B1E2FD75E0043E2B4 /* MosquitoGenericMale */,
			);
			name = MosquitoGeneric;
			sourceTree = "<group>";
		};
		BEADF26B1E2FD75E0043E2B4 /* MosquitoGenericMale */ = {
			isa = PBXGroup;
			children = (
				BEADF2701E2FD8440043E2B4 /* MosquitoGenericMale.cpp */,
				BEADF2711E2FD8440043E2B4 /* MosquitoGenericMale.hpp */,
			);
			name = MosquitoGenericMale;
			sourceTree = "<group>";
		};
		BEADF26C1E2FD76B0043E2B4 /* MosquitoGenericFemale */ = {
			isa = PBXGroup;
			children = (
				BEADF26D1E2FD8010043E2B4 /* MosquitoGenericFemale.cpp */,
				BEADF26E1E2FD8010043E2B4 /* MosquitoGenericFemale.hpp */,
			);
			name = MosquitoGenericFemale;
			sourceTree = "<group>";
		};
		BEDE04471DECDB2F008DE68B /* M-BITES */ = {
			isa = PBXGroup;
			children = (
				BE1454A61E2FF06A009EDCFC /* BloodFeed.cpp */,
				BE1454A71E2FF06A009EDCFC /* BloodFeed.hpp */,
				BE1454A81E2FF06A009EDCFC /* Estivate.cpp */,
				BE1454A91E2FF06A009EDCFC /* Estivate.hpp */,
				BE1454AA1E2FF06A009EDCFC /* Flight.cpp */,
				BE1454AB1E2FF06A009EDCFC /* Flight.hpp */,
				BE1454AC1E2FF06A009EDCFC /* History.cpp */,
				BE1454AD1E2FF06A009EDCFC /* History.hpp */,
				BE1454AE1E2FF06A009EDCFC /* Mate.cpp */,
				BE1454AF1E2FF06A009EDCFC /* Mate.hpp */,
				BE1454B01E2FF06A009EDCFC /* SugarFeed.cpp */,
				BE1454B11E2FF06A009EDCFC /* SugarFeed.hpp */,
				BE1454B21E2FF06A009EDCFC /* Swarm.cpp */,
				BE1454B31E2FF06A009EDCFC /* Swarm.hpp */,
				BE1454B41E2FF06A009EDCFC /* Time.cpp */,
				BE1454B51E2FF06A009EDCFC /* Time.hpp */,
				BE1454BE1E2FFA84009EDCFC /* Senesce.cpp */,
				BE1454BF1E2FFA84009EDCFC /* Senesce.hpp */,
			);
			name = "M-BITES";
			sourceTree = "<group>";
		};
/* End PBXGroup section */

/* Begin PBXNativeTarget section */
		BE3D9BE01DDD4D4100E470A6 /* MASHCPP */ = {
			isa = PBXNativeTarget;
			buildConfigurationList = BE3D9BE81DDD4D4100E470A6 /* Build configuration list for PBXNativeTarget "MASHCPP" */;
			buildPhases = (
				BE3D9BDD1DDD4D4100E470A6 /* Sources */,
				BE3D9BDE1DDD4D4100E470A6 /* Frameworks */,
				BE3D9BDF1DDD4D4100E470A6 /* CopyFiles */,
			);
			buildRules = (
			);
			dependencies = (
			);
			name = MASHCPP;
			productName = MASHCPP;
			productReference = BE3D9BE11DDD4D4100E470A6 /* MASHCPP */;
			productType = "com.apple.product-type.tool";
		};
/* End PBXNativeTarget section */

/* Begin PBXProject section */
		BE3D9BD91DDD4D4100E470A6 /* Project object */ = {
			isa = PBXProject;
			attributes = {
				LastUpgradeCheck = 0820;
				ORGANIZATIONNAME = MASH;
				TargetAttributes = {
					BE3D9BE01DDD4D4100E470A6 = {
						CreatedOnToolsVersion = 8.1;
						ProvisioningStyle = Automatic;
					};
				};
			};
			buildConfigurationList = BE3D9BDC1DDD4D4100E470A6 /* Build configuration list for PBXProject "MASHCPP" */;
			compatibilityVersion = "Xcode 3.2";
			developmentRegion = English;
			hasScannedForEncodings = 0;
			knownRegions = (
				en,
			);
			mainGroup = BE3D9BD81DDD4D4100E470A6;
			productRefGroup = BE3D9BE21DDD4D4100E470A6 /* Products */;
			projectDirPath = "";
			projectRoot = "";
			targets = (
				BE3D9BE01DDD4D4100E470A6 /* MASHCPP */,
			);
		};
/* End PBXProject section */

/* Begin PBXSourcesBuildPhase section */
		BE3D9BDD1DDD4D4100E470A6 /* Sources */ = {
			isa = PBXSourcesBuildPhase;
			buildActionMask = 2147483647;
			files = (
				BE3D9C1C1DDD4D6100E470A6 /* Mosquito.cpp in Sources */,
				BE5184D81E3652C1003C599F /* BetaDistribution.cpp in Sources */,
				BE15B3701DFB641800CE7C74 /* Pathogen.cpp in Sources */,
				BE15B36D1DFB5E7700CE7C74 /* Cattle.cpp in Sources */,
				BE1454B71E2FF06A009EDCFC /* Estivate.cpp in Sources */,
				BE3D9C201DDD4D6100E470A6 /* SiteFeeding.cpp in Sources */,
				BE313EE31E046AA600120E25 /* IRS.cpp in Sources */,
				BE313ED11E0469B400120E25 /* AreaSpray.cpp in Sources */,
				BEADF25E1E2FC1EC0043E2B4 /* AnophelesGambiaeFemale.cpp in Sources */,
				BE15B3731DFB645B00CE7C74 /* PlasmodiumFalciparum.cpp in Sources */,
				BE3D9C211DDD4D6100E470A6 /* SiteLaying.cpp in Sources */,
				BE313ED41E0469D200120E25 /* ATSB.cpp in Sources */,
				BE92F7BD1E313A670061F72A /* NormalDistribution.cpp in Sources */,
				BE313EDD1E046A1400120E25 /* EaveTube.cpp in Sources */,
				BE313EEC1E046AE700120E25 /* Larviciding.cpp in Sources */,
				BE3D9C221DDD4D6100E470A6 /* SiteMating.cpp in Sources */,
				BE15B3841DFB6C6B00CE7C74 /* ZIKV.cpp in Sources */,
				BE313EF51E046B4800120E25 /* PersonalRepellant.cpp in Sources */,
				BE11B7881E15E44A0045B3EE /* StatisticalConstants.cpp in Sources */,
				BE313EE01E046A2600120E25 /* GM.cpp in Sources */,
				BEADF2561E2FBFDE0043E2B4 /* AnophelesGambiae.cpp in Sources */,
				BE313EE61E046AB900120E25 /* ITN.cpp in Sources */,
				BE15B37E1DFB6BCD00CE7C74 /* DENV.cpp in Sources */,
				BE1454A51E2FDFA4009EDCFC /* AedesAegyptiMale.cpp in Sources */,
				BE313ECE1E04698500120E25 /* AreaRepellant.cpp in Sources */,
				BE1454BB1E2FF06A009EDCFC /* SugarFeed.cpp in Sources */,
				BE5184DB1E3652D2003C599F /* ExponentialDistribution.cpp in Sources */,
				BE1454C01E2FFA84009EDCFC /* Senesce.cpp in Sources */,
				BE1454B81E2FF06A009EDCFC /* Flight.cpp in Sources */,
				BE313EDA1E046A0000120E25 /* BiologicalControl.cpp in Sources */,
				BEADF26A1E2FD7300043E2B4 /* MosquitoGeneric.cpp in Sources */,
				BE313ED71E0469EA00120E25 /* BaitedTrap.cpp in Sources */,
				BE313EF81E046B8300120E25 /* SourceReduction.cpp in Sources */,
				BE8B6B6A1E1F089E0094C326 /* Landscape.cpp in Sources */,
				BE313EFB1E046B9C00120E25 /* SwarmSpray.cpp in Sources */,
				BEADF2721E2FD8440043E2B4 /* MosquitoGenericMale.cpp in Sources */,
				BE40ABE51E43D30E00808031 /* PathogenPopulation.cpp in Sources */,
				BEADF2531E2FBFC50043E2B4 /* AedesAegypti.cpp in Sources */,
				BE3D9BE51DDD4D4100E470A6 /* main.cpp in Sources */,
				BE40ABE81E43D34900808031 /* HumanPopulation.cpp in Sources */,
				BEEDE6F11DDF60D000A3C2A5 /* UnitTest.cpp in Sources */,
				BEADF26F1E2FD8010043E2B4 /* MosquitoGenericFemale.cpp in Sources */,
				BE15B3781DFB64C500CE7C74 /* PlasmodiumVivax.cpp in Sources */,
				BE13172D1E243DE400D92451 /* MosquitoPopulation.cpp in Sources */,
				BEDE045F1DECDD2E008DE68B /* MosquitoLifeParameters.cpp in Sources */,
				BE15B36A1DFB5D9900CE7C74 /* Human.cpp in Sources */,
				BE313EE91E046ACF00120E25 /* Ivermectin.cpp in Sources */,
				BE1454BA1E2FF06A009EDCFC /* Mate.cpp in Sources */,
				BE15B3811DFB6BEC00CE7C74 /* CHIKV.cpp in Sources */,
				BEC6C4B81E148975009F3680 /* StatisticalFunctions.cpp in Sources */,
				BE2A85391DDE4EDE00EB2CDC /* AuxiliaryFunctions.cpp in Sources */,
				BE87A2821E045F2600043BFE /* DataImport.cpp in Sources */,
				BE313EFE1E046BB700120E25 /* Zoospray.cpp in Sources */,
				BE1454A21E2FDF90009EDCFC /* AedesAegyptiFemale.cpp in Sources */,
				BE1454BC1E2FF06A009EDCFC /* Swarm.cpp in Sources */,
				BEADF25B1E2FC1D20043E2B4 /* AnophelesGambiaeMale.cpp in Sources */,
				BE313EF21E046B2F00120E25 /* PersonalProtection.cpp in Sources */,
				BE3D9C231DDD4D6100E470A6 /* SiteSugar.cpp in Sources */,
				BE1454BD1E2FF06A009EDCFC /* Time.cpp in Sources */,
				BE87A27E1E045DD200043BFE /* DataExport.cpp in Sources */,
				BE15B3661DFB54F000CE7C74 /* MovementKernel.cpp in Sources */,
				BE313EEF1E046B1200120E25 /* Ovitrap.cpp in Sources */,
				BE1454B61E2FF06A009EDCFC /* BloodFeed.cpp in Sources */,
				BE8B41231E271F4500BE6CA5 /* MosquitoAquatic.cpp in Sources */,
				BE1454B91E2FF06A009EDCFC /* History.cpp in Sources */,
				BE3D9C241DDD4D6100E470A6 /* VectorControl.cpp in Sources */,
				BE3D9C1F1DDD4D6100E470A6 /* Site.cpp in Sources */,
			);
			runOnlyForDeploymentPostprocessing = 0;
		};
/* End PBXSourcesBuildPhase section */

/* Begin XCBuildConfiguration section */
		BE3D9BE61DDD4D4100E470A6 /* Debug */ = {
			isa = XCBuildConfiguration;
			buildSettings = {
				ALWAYS_SEARCH_USER_PATHS = NO;
				CLANG_ANALYZER_NONNULL = YES;
				CLANG_CXX_LANGUAGE_STANDARD = "gnu++0x";
				CLANG_CXX_LIBRARY = "libc++";
				CLANG_ENABLE_MODULES = YES;
				CLANG_ENABLE_OBJC_ARC = YES;
				CLANG_WARN_BOOL_CONVERSION = YES;
				CLANG_WARN_CONSTANT_CONVERSION = YES;
				CLANG_WARN_DIRECT_OBJC_ISA_USAGE = YES_ERROR;
				CLANG_WARN_DOCUMENTATION_COMMENTS = YES;
				CLANG_WARN_EMPTY_BODY = YES;
				CLANG_WARN_ENUM_CONVERSION = YES;
				CLANG_WARN_INFINITE_RECURSION = YES;
				CLANG_WARN_INT_CONVERSION = YES;
				CLANG_WARN_OBJC_ROOT_CLASS = YES_ERROR;
				CLANG_WARN_SUSPICIOUS_MOVE = YES;
				CLANG_WARN_SUSPICIOUS_MOVES = YES;
				CLANG_WARN_UNREACHABLE_CODE = YES;
				CLANG_WARN__DUPLICATE_METHOD_MATCH = YES;
				CODE_SIGN_IDENTITY = "-";
				COPY_PHASE_STRIP = NO;
				DEBUG_INFORMATION_FORMAT = dwarf;
				ENABLE_STRICT_OBJC_MSGSEND = YES;
				ENABLE_TESTABILITY = YES;
				FRAMEWORK_SEARCH_PATHS = "";
				GCC_C_LANGUAGE_STANDARD = gnu99;
				GCC_DYNAMIC_NO_PIC = NO;
				GCC_NO_COMMON_BLOCKS = YES;
				GCC_OPTIMIZATION_LEVEL = 0;
				GCC_PREPROCESSOR_DEFINITIONS = (
					"DEBUG=1",
					"$(inherited)",
				);
				GCC_WARN_64_TO_32_BIT_CONVERSION = YES;
				GCC_WARN_ABOUT_RETURN_TYPE = YES_ERROR;
				GCC_WARN_UNDECLARED_SELECTOR = YES;
				GCC_WARN_UNINITIALIZED_AUTOS = YES_AGGRESSIVE;
				GCC_WARN_UNUSED_FUNCTION = YES;
				GCC_WARN_UNUSED_VARIABLE = YES;
				HEADER_SEARCH_PATHS = "";
				LIBRARY_SEARCH_PATHS = "";
				MACOSX_DEPLOYMENT_TARGET = 10.11;
				MTL_ENABLE_DEBUG_INFO = YES;
				ONLY_ACTIVE_ARCH = YES;
				OTHER_LDFLAGS = "";
				SDKROOT = macosx;
			};
			name = Debug;
		};
		BE3D9BE71DDD4D4100E470A6 /* Release */ = {
			isa = XCBuildConfiguration;
			buildSettings = {
				ALWAYS_SEARCH_USER_PATHS = NO;
				CLANG_ANALYZER_NONNULL = YES;
				CLANG_CXX_LANGUAGE_STANDARD = "gnu++0x";
				CLANG_CXX_LIBRARY = "libc++";
				CLANG_ENABLE_MODULES = YES;
				CLANG_ENABLE_OBJC_ARC = YES;
				CLANG_WARN_BOOL_CONVERSION = YES;
				CLANG_WARN_CONSTANT_CONVERSION = YES;
				CLANG_WARN_DIRECT_OBJC_ISA_USAGE = YES_ERROR;
				CLANG_WARN_DOCUMENTATION_COMMENTS = YES;
				CLANG_WARN_EMPTY_BODY = YES;
				CLANG_WARN_ENUM_CONVERSION = YES;
				CLANG_WARN_INFINITE_RECURSION = YES;
				CLANG_WARN_INT_CONVERSION = YES;
				CLANG_WARN_OBJC_ROOT_CLASS = YES_ERROR;
				CLANG_WARN_SUSPICIOUS_MOVE = YES;
				CLANG_WARN_SUSPICIOUS_MOVES = YES;
				CLANG_WARN_UNREACHABLE_CODE = YES;
				CLANG_WARN__DUPLICATE_METHOD_MATCH = YES;
				CODE_SIGN_IDENTITY = "-";
				COPY_PHASE_STRIP = NO;
				DEBUG_INFORMATION_FORMAT = "dwarf-with-dsym";
				ENABLE_NS_ASSERTIONS = NO;
				ENABLE_STRICT_OBJC_MSGSEND = YES;
				FRAMEWORK_SEARCH_PATHS = "";
				GCC_C_LANGUAGE_STANDARD = gnu99;
				GCC_NO_COMMON_BLOCKS = YES;
				GCC_WARN_64_TO_32_BIT_CONVERSION = YES;
				GCC_WARN_ABOUT_RETURN_TYPE = YES_ERROR;
				GCC_WARN_UNDECLARED_SELECTOR = YES;
				GCC_WARN_UNINITIALIZED_AUTOS = YES_AGGRESSIVE;
				GCC_WARN_UNUSED_FUNCTION = YES;
				GCC_WARN_UNUSED_VARIABLE = YES;
				HEADER_SEARCH_PATHS = "";
				LIBRARY_SEARCH_PATHS = "";
				MACOSX_DEPLOYMENT_TARGET = 10.11;
				MTL_ENABLE_DEBUG_INFO = NO;
				OTHER_LDFLAGS = "";
				SDKROOT = macosx;
			};
			name = Release;
		};
		BE3D9BE91DDD4D4100E470A6 /* Debug */ = {
			isa = XCBuildConfiguration;
			buildSettings = {
				HEADER_SEARCH_PATHS = "${HOME}/Library/Frameworks/boost_1_62_0";
				LIBRARY_SEARCH_PATHS = "${HOME}/Library/Frameworks/boost_1_62_0/stage/lib";
				PRODUCT_NAME = "$(TARGET_NAME)";
			};
			name = Debug;
		};
		BE3D9BEA1DDD4D4100E470A6 /* Release */ = {
			isa = XCBuildConfiguration;
			buildSettings = {
				HEADER_SEARCH_PATHS = "${HOME}/Library/Frameworks/boost_1_62_0";
				LIBRARY_SEARCH_PATHS = "${HOME}/Library/Frameworks/boost_1_62_0/stage/lib";
				PRODUCT_NAME = "$(TARGET_NAME)";
			};
			name = Release;
		};
/* End XCBuildConfiguration section */

/* Begin XCConfigurationList section */
		BE3D9BDC1DDD4D4100E470A6 /* Build configuration list for PBXProject "MASHCPP" */ = {
			isa = XCConfigurationList;
			buildConfigurations = (
				BE3D9BE61DDD4D4100E470A6 /* Debug */,
				BE3D9BE71DDD4D4100E470A6 /* Release */,
			);
			defaultConfigurationIsVisible = 0;
			defaultConfigurationName = Release;
		};
		BE3D9BE81DDD4D4100E470A6 /* Build configuration list for PBXNativeTarget "MASHCPP" */ = {
			isa = XCConfigurationList;
			buildConfigurations = (
				BE3D9BE91DDD4D4100E470A6 /* Debug */,
				BE3D9BEA1DDD4D4100E470A6 /* Release */,
			);
			defaultConfigurationIsVisible = 0;
			defaultConfigurationName = Release;
		};
/* End XCConfigurationList section */
	};
	rootObject = BE3D9BD91DDD4D4100E470A6 /* Project object */;
}
